// !$*UTF8*$!
{
	archiveVersion = 1;
	classes = {
	};
	objectVersion = 54;
	objects = {

/* Begin PBXBuildFile section */
		62192A812796040D0090579A /* XMLSwiftUIView.swift in Sources */ = {isa = PBXBuildFile; fileRef = 62192A802796040C0090579A /* XMLSwiftUIView.swift */; };
		62192A84279608CE0090579A /* XMLCoder in Frameworks */ = {isa = PBXBuildFile; productRef = 62192A83279608CE0090579A /* XMLCoder */; };
		622ABE662934FA7000D052D2 /* Ency_Doc_Diagram.pdf in Resources */ = {isa = PBXBuildFile; fileRef = 622ABE652934FA7000D052D2 /* Ency_Doc_Diagram.pdf */; };
		622D45812897D409002810AD /* mySettings.swift in Sources */ = {isa = PBXBuildFile; fileRef = 622D45802897D409002810AD /* mySettings.swift */; };
		622D45832897D45B002810AD /* newSettingsView.swift in Sources */ = {isa = PBXBuildFile; fileRef = 622D45822897D45B002810AD /* newSettingsView.swift */; };
		623E24BE292E396E0034A076 /* CachedAsyncImage in Frameworks */ = {isa = PBXBuildFile; productRef = 623E24BD292E396E0034A076 /* CachedAsyncImage */; };
		6243647228816ED700A20017 /* mySettingsView.swift in Sources */ = {isa = PBXBuildFile; fileRef = 6243647128816ED700A20017 /* mySettingsView.swift */; };
		6244C2222885614200FE15B7 /* SerachView.swift in Sources */ = {isa = PBXBuildFile; fileRef = 6244C2212885614200FE15B7 /* SerachView.swift */; };
		624A1C31292B56B80059EB72 /* playerSwiftUIUITests.swift in Sources */ = {isa = PBXBuildFile; fileRef = 624A1C30292B56B80059EB72 /* playerSwiftUIUITests.swift */; };
		624A1C33292B56B80059EB72 /* playerSwiftUIUITestsLaunchTests.swift in Sources */ = {isa = PBXBuildFile; fileRef = 624A1C32292B56B80059EB72 /* playerSwiftUIUITestsLaunchTests.swift */; };
		624A1C4D292BA0A20059EB72 /* PlayerAppleTVApp.swift in Sources */ = {isa = PBXBuildFile; fileRef = 624A1C4C292BA0A20059EB72 /* PlayerAppleTVApp.swift */; };
		624A1C4F292BA0A20059EB72 /* ContentView.swift in Sources */ = {isa = PBXBuildFile; fileRef = 624A1C4E292BA0A20059EB72 /* ContentView.swift */; };
		624A1C51292BA0A30059EB72 /* Assets.xcassets in Resources */ = {isa = PBXBuildFile; fileRef = 624A1C50292BA0A30059EB72 /* Assets.xcassets */; };
		624A1C54292BA0A30059EB72 /* Preview Assets.xcassets in Resources */ = {isa = PBXBuildFile; fileRef = 624A1C53292BA0A30059EB72 /* Preview Assets.xcassets */; };
		624A1C59292BC7920059EB72 /* TVSliderView.swift in Sources */ = {isa = PBXBuildFile; fileRef = 624A1C58292BC7920059EB72 /* TVSliderView.swift */; };
		624A1C5B292BCAD50059EB72 /* MediaTV.xcassets in Resources */ = {isa = PBXBuildFile; fileRef = 624A1C5A292BCAD50059EB72 /* MediaTV.xcassets */; };
		624B45D529129CE7004C0ACB /* TestSongView.swift in Sources */ = {isa = PBXBuildFile; fileRef = 624B45D429129CE7004C0ACB /* TestSongView.swift */; };
		624B45D72912B1B1004C0ACB /* NewSongModel.swift in Sources */ = {isa = PBXBuildFile; fileRef = 624B45D62912B1B1004C0ACB /* NewSongModel.swift */; };
		624C33DD292555E100528E45 /* Notes  in Resources */ = {isa = PBXBuildFile; fileRef = 624C33DC292555E100528E45 /* Notes  */; };
		624CC691290FD09B007186A2 /* MainFavoritesView.swift in Sources */ = {isa = PBXBuildFile; fileRef = 624CC690290FD09B007186A2 /* MainFavoritesView.swift */; };
		624CC693290FE2A7007186A2 /* NewFavoriteModel.swift in Sources */ = {isa = PBXBuildFile; fileRef = 624CC692290FE2A7007186A2 /* NewFavoriteModel.swift */; };
		624CC69729103849007186A2 /* FavoriteDispView.swift in Sources */ = {isa = PBXBuildFile; fileRef = 624CC69629103849007186A2 /* FavoriteDispView.swift */; };
		624CC69A29107399007186A2 /* CachedAsyncImage in Frameworks */ = {isa = PBXBuildFile; productRef = 624CC69929107399007186A2 /* CachedAsyncImage */; };
		624D37D328ACC917008A5F3A /* song.swift in Sources */ = {isa = PBXBuildFile; fileRef = 624D37D228ACC917008A5F3A /* song.swift */; };
		624D37D528ACC92F008A5F3A /* songViewModel.swift in Sources */ = {isa = PBXBuildFile; fileRef = 624D37D428ACC92F008A5F3A /* songViewModel.swift */; };
		624E80BA290D7E6A005E4450 /* radios23.json in Resources */ = {isa = PBXBuildFile; fileRef = 624E80B9290D7E6A005E4450 /* radios23.json */; };
		624E945F2799C7B700803A83 /* newXMLSwiftUIView.swift in Sources */ = {isa = PBXBuildFile; fileRef = 624E945E2799C7B600803A83 /* newXMLSwiftUIView.swift */; };
		624F747F290C3268003C3849 /* DataController.swift in Sources */ = {isa = PBXBuildFile; fileRef = 624F747E290C3268003C3849 /* DataController.swift */; };
		624F7482290C32B3003C3849 /* ModelPlayer.xcdatamodeld in Sources */ = {isa = PBXBuildFile; fileRef = 624F7480290C32B3003C3849 /* ModelPlayer.xcdatamodeld */; };
		6256950B28B35D12004DD765 /* playerSwiftUITests.swift in Sources */ = {isa = PBXBuildFile; fileRef = 6256950A28B35D12004DD765 /* playerSwiftUITests.swift */; };
		625E8709290EE7230030E31A /* FavoritesView.swift in Sources */ = {isa = PBXBuildFile; fileRef = 625E8708290EE7230030E31A /* FavoritesView.swift */; };
		6299BFAE28940B30003C1DB0 /* Lottie in Frameworks */ = {isa = PBXBuildFile; productRef = 6299BFAD28940B30003C1DB0 /* Lottie */; };
		6299BFB028940C59003C1DB0 /* music-equalizer.json in Resources */ = {isa = PBXBuildFile; fileRef = 6299BFAF28940C59003C1DB0 /* music-equalizer.json */; };
		6299BFB228940CE9003C1DB0 /* LottieView.swift in Sources */ = {isa = PBXBuildFile; fileRef = 6299BFB128940CE9003C1DB0 /* LottieView.swift */; };
		629AC835279D998600AA2BD9 /* Data_formater.swift in Sources */ = {isa = PBXBuildFile; fileRef = 629AC834279D998600AA2BD9 /* Data_formater.swift */; };
		629AC837279DF34300AA2BD9 /* network_checker.swift in Sources */ = {isa = PBXBuildFile; fileRef = 629AC836279DF34300AA2BD9 /* network_checker.swift */; };
		629AC839279DF4C500AA2BD9 /* CheckNetworkView.swift in Sources */ = {isa = PBXBuildFile; fileRef = 629AC838279DF4C500AA2BD9 /* CheckNetworkView.swift */; };
		629D68BB278EC409005E0214 /* Helper.swift in Sources */ = {isa = PBXBuildFile; fileRef = 629D68BA278EC409005E0214 /* Helper.swift */; };
		629D68BD278ECAAC005E0214 /* RadiosSwiftUIView.swift in Sources */ = {isa = PBXBuildFile; fileRef = 629D68BC278ECAAC005E0214 /* RadiosSwiftUIView.swift */; };
		629F1C8127905D27001BF441 /* SliderSwiftUIView.swift in Sources */ = {isa = PBXBuildFile; fileRef = 629F1C8027905D26001BF441 /* SliderSwiftUIView.swift */; };
		62A0A54D27862B74002CEB18 /* DetailSwiftUIView.swift in Sources */ = {isa = PBXBuildFile; fileRef = 62A0A54C27862B74002CEB18 /* DetailSwiftUIView.swift */; };
		62A0A54F27863EA7002CEB18 /* FavoritesSwiftUIView.swift in Sources */ = {isa = PBXBuildFile; fileRef = 62A0A54E27863EA7002CEB18 /* FavoritesSwiftUIView.swift */; };
		62A0A55127864E4D002CEB18 /* InfoRadioSwiftUIView.swift in Sources */ = {isa = PBXBuildFile; fileRef = 62A0A55027864E4D002CEB18 /* InfoRadioSwiftUIView.swift */; };
		62A5540A27989DAA00FB5615 /* Request.swift in Sources */ = {isa = PBXBuildFile; fileRef = 62A5540927989DAA00FB5615 /* Request.swift */; };
		62A9F00D275F5B3500B345AE /* playerSwiftUIApp.swift in Sources */ = {isa = PBXBuildFile; fileRef = 62A9F00C275F5B3500B345AE /* playerSwiftUIApp.swift */; };
		62A9F011275F5B3800B345AE /* Assets.xcassets in Resources */ = {isa = PBXBuildFile; fileRef = 62A9F010275F5B3800B345AE /* Assets.xcassets */; };
		62A9F014275F5B3800B345AE /* Preview Assets.xcassets in Resources */ = {isa = PBXBuildFile; fileRef = 62A9F013275F5B3800B345AE /* Preview Assets.xcassets */; };
		62A9F01D275F689100B345AE /* ExampleSwiftUIView.swift in Sources */ = {isa = PBXBuildFile; fileRef = 62A9F01C275F689100B345AE /* ExampleSwiftUIView.swift */; };
		62A9F021275F8DE300B345AE /* RadioObj.swift in Sources */ = {isa = PBXBuildFile; fileRef = 62A9F020275F8DE300B345AE /* RadioObj.swift */; };
		62A9F023275FE7FB00B345AE /* PlayerConector.swift in Sources */ = {isa = PBXBuildFile; fileRef = 62A9F022275FE7FB00B345AE /* PlayerConector.swift */; };
		62C06B4027936A4000FE5E7C /* BarrPlaySwiftUIView.swift in Sources */ = {isa = PBXBuildFile; fileRef = 62C06B3F27936A3F00FE5E7C /* BarrPlaySwiftUIView.swift */; };
		62D824772795AD5700461EF9 /* SplashSwiftUIView.swift in Sources */ = {isa = PBXBuildFile; fileRef = 62D824762795AD5700461EF9 /* SplashSwiftUIView.swift */; };
		62DBB5B1278CE8FA003EEFE2 /* radios.json in Resources */ = {isa = PBXBuildFile; fileRef = 62DBB5B0278CE8FA003EEFE2 /* radios.json */; };
		62DBB5B7278E3015003EEFE2 /* DetalleUIView.swift in Sources */ = {isa = PBXBuildFile; fileRef = 62DBB5B6278E3015003EEFE2 /* DetalleUIView.swift */; };
		62ED857F2790CBC3009A7C1C /* SliderItem.swift in Sources */ = {isa = PBXBuildFile; fileRef = 62ED857E2790CBC2009A7C1C /* SliderItem.swift */; };
/* End PBXBuildFile section */

/* Begin PBXContainerItemProxy section */
		624A1C34292B56B80059EB72 /* PBXContainerItemProxy */ = {
			isa = PBXContainerItemProxy;
			containerPortal = 62A9F001275F5B3500B345AE /* Project object */;
			proxyType = 1;
			remoteGlobalIDString = 62A9F008275F5B3500B345AE;
			remoteInfo = playerSwiftUI;
		};
		6256950C28B35D12004DD765 /* PBXContainerItemProxy */ = {
			isa = PBXContainerItemProxy;
			containerPortal = 62A9F001275F5B3500B345AE /* Project object */;
			proxyType = 1;
			remoteGlobalIDString = 62A9F008275F5B3500B345AE;
			remoteInfo = playerSwiftUI;
		};
/* End PBXContainerItemProxy section */

/* Begin PBXCopyFilesBuildPhase section */
		628CF57627A42BD800024E8B /* Embed App Extensions */ = {
			isa = PBXCopyFilesBuildPhase;
			buildActionMask = 2147483647;
			dstPath = "";
			dstSubfolderSpec = 13;
			files = (
			);
			name = "Embed App Extensions";
			runOnlyForDeploymentPostprocessing = 0;
		};
		62A4D29A2760AE2B00D29403 /* Embed Watch Content */ = {
			isa = PBXCopyFilesBuildPhase;
			buildActionMask = 2147483647;
			dstPath = "$(CONTENTS_FOLDER_PATH)/Watch";
			dstSubfolderSpec = 16;
			files = (
			);
			name = "Embed Watch Content";
			runOnlyForDeploymentPostprocessing = 0;
		};
/* End PBXCopyFilesBuildPhase section */

/* Begin PBXFileReference section */
		62192A802796040C0090579A /* XMLSwiftUIView.swift */ = {isa = PBXFileReference; lastKnownFileType = sourcecode.swift; path = XMLSwiftUIView.swift; sourceTree = "<group>"; };
		622ABE652934FA7000D052D2 /* Ency_Doc_Diagram.pdf */ = {isa = PBXFileReference; lastKnownFileType = image.pdf; path = Ency_Doc_Diagram.pdf; sourceTree = "<group>"; };
		622D45802897D409002810AD /* mySettings.swift */ = {isa = PBXFileReference; lastKnownFileType = sourcecode.swift; path = mySettings.swift; sourceTree = "<group>"; };
		622D45822897D45B002810AD /* newSettingsView.swift */ = {isa = PBXFileReference; lastKnownFileType = sourcecode.swift; path = newSettingsView.swift; sourceTree = "<group>"; };
		6231D0E6287F54590026A11D /* Info.plist */ = {isa = PBXFileReference; lastKnownFileType = text.plist; name = Info.plist; path = playerSwiftUI/Info.plist; sourceTree = SOURCE_ROOT; };
		6243647128816ED700A20017 /* mySettingsView.swift */ = {isa = PBXFileReference; lastKnownFileType = sourcecode.swift; path = mySettingsView.swift; sourceTree = "<group>"; };
		6244C2212885614200FE15B7 /* SerachView.swift */ = {isa = PBXFileReference; lastKnownFileType = sourcecode.swift; path = SerachView.swift; sourceTree = "<group>"; };
		624A1C2E292B56B80059EB72 /* playerSwiftUIUITests.xctest */ = {isa = PBXFileReference; explicitFileType = wrapper.cfbundle; includeInIndex = 0; path = playerSwiftUIUITests.xctest; sourceTree = BUILT_PRODUCTS_DIR; };
		624A1C30292B56B80059EB72 /* playerSwiftUIUITests.swift */ = {isa = PBXFileReference; lastKnownFileType = sourcecode.swift; path = playerSwiftUIUITests.swift; sourceTree = "<group>"; };
		624A1C32292B56B80059EB72 /* playerSwiftUIUITestsLaunchTests.swift */ = {isa = PBXFileReference; lastKnownFileType = sourcecode.swift; path = playerSwiftUIUITestsLaunchTests.swift; sourceTree = "<group>"; };
		624A1C4A292BA0A20059EB72 /* PlayerAppleTV.app */ = {isa = PBXFileReference; explicitFileType = wrapper.application; includeInIndex = 0; path = PlayerAppleTV.app; sourceTree = BUILT_PRODUCTS_DIR; };
		624A1C4C292BA0A20059EB72 /* PlayerAppleTVApp.swift */ = {isa = PBXFileReference; lastKnownFileType = sourcecode.swift; path = PlayerAppleTVApp.swift; sourceTree = "<group>"; };
		624A1C4E292BA0A20059EB72 /* ContentView.swift */ = {isa = PBXFileReference; lastKnownFileType = sourcecode.swift; path = ContentView.swift; sourceTree = "<group>"; };
		624A1C50292BA0A30059EB72 /* Assets.xcassets */ = {isa = PBXFileReference; lastKnownFileType = folder.assetcatalog; path = Assets.xcassets; sourceTree = "<group>"; };
		624A1C53292BA0A30059EB72 /* Preview Assets.xcassets */ = {isa = PBXFileReference; lastKnownFileType = folder.assetcatalog; path = "Preview Assets.xcassets"; sourceTree = "<group>"; };
		624A1C58292BC7920059EB72 /* TVSliderView.swift */ = {isa = PBXFileReference; lastKnownFileType = sourcecode.swift; path = TVSliderView.swift; sourceTree = "<group>"; };
		624A1C5A292BCAD50059EB72 /* MediaTV.xcassets */ = {isa = PBXFileReference; lastKnownFileType = folder.assetcatalog; path = MediaTV.xcassets; sourceTree = "<group>"; };
		624B45D429129CE7004C0ACB /* TestSongView.swift */ = {isa = PBXFileReference; lastKnownFileType = sourcecode.swift; path = TestSongView.swift; sourceTree = "<group>"; };
		624B45D62912B1B1004C0ACB /* NewSongModel.swift */ = {isa = PBXFileReference; lastKnownFileType = sourcecode.swift; path = NewSongModel.swift; sourceTree = "<group>"; };
		624C33DC292555E100528E45 /* Notes  */ = {isa = PBXFileReference; lastKnownFileType = text; path = "Notes "; sourceTree = "<group>"; };
		624CC690290FD09B007186A2 /* MainFavoritesView.swift */ = {isa = PBXFileReference; lastKnownFileType = sourcecode.swift; path = MainFavoritesView.swift; sourceTree = "<group>"; };
		624CC692290FE2A7007186A2 /* NewFavoriteModel.swift */ = {isa = PBXFileReference; lastKnownFileType = sourcecode.swift; path = NewFavoriteModel.swift; sourceTree = "<group>"; };
		624CC69629103849007186A2 /* FavoriteDispView.swift */ = {isa = PBXFileReference; lastKnownFileType = sourcecode.swift; path = FavoriteDispView.swift; sourceTree = "<group>"; };
		624D37D228ACC917008A5F3A /* song.swift */ = {isa = PBXFileReference; lastKnownFileType = sourcecode.swift; path = song.swift; sourceTree = "<group>"; };
		624D37D428ACC92F008A5F3A /* songViewModel.swift */ = {isa = PBXFileReference; lastKnownFileType = sourcecode.swift; path = songViewModel.swift; sourceTree = "<group>"; };
		624E80B9290D7E6A005E4450 /* radios23.json */ = {isa = PBXFileReference; fileEncoding = 4; lastKnownFileType = text.json; path = radios23.json; sourceTree = "<group>"; };
		624E945E2799C7B600803A83 /* newXMLSwiftUIView.swift */ = {isa = PBXFileReference; lastKnownFileType = sourcecode.swift; path = newXMLSwiftUIView.swift; sourceTree = "<group>"; };
		624F747E290C3268003C3849 /* DataController.swift */ = {isa = PBXFileReference; lastKnownFileType = sourcecode.swift; path = DataController.swift; sourceTree = "<group>"; };
		624F7481290C32B3003C3849 /* ModelPlayer.xcdatamodel */ = {isa = PBXFileReference; lastKnownFileType = wrapper.xcdatamodel; path = ModelPlayer.xcdatamodel; sourceTree = "<group>"; };
		6256950828B35D12004DD765 /* playerSwiftUITests.xctest */ = {isa = PBXFileReference; explicitFileType = wrapper.cfbundle; includeInIndex = 0; path = playerSwiftUITests.xctest; sourceTree = BUILT_PRODUCTS_DIR; };
		6256950A28B35D12004DD765 /* playerSwiftUITests.swift */ = {isa = PBXFileReference; lastKnownFileType = sourcecode.swift; path = playerSwiftUITests.swift; sourceTree = "<group>"; };
		625E8708290EE7230030E31A /* FavoritesView.swift */ = {isa = PBXFileReference; lastKnownFileType = sourcecode.swift; path = FavoritesView.swift; sourceTree = "<group>"; };
		628CF57B27A4385000024E8B /* playerSwiftUI.entitlements */ = {isa = PBXFileReference; lastKnownFileType = text.plist.entitlements; path = playerSwiftUI.entitlements; sourceTree = "<group>"; };
		6299BFAF28940C59003C1DB0 /* music-equalizer.json */ = {isa = PBXFileReference; fileEncoding = 4; lastKnownFileType = text.json; path = "music-equalizer.json"; sourceTree = "<group>"; };
		6299BFB128940CE9003C1DB0 /* LottieView.swift */ = {isa = PBXFileReference; lastKnownFileType = sourcecode.swift; path = LottieView.swift; sourceTree = "<group>"; };
		629AC834279D998600AA2BD9 /* Data_formater.swift */ = {isa = PBXFileReference; lastKnownFileType = sourcecode.swift; path = Data_formater.swift; sourceTree = "<group>"; };
		629AC836279DF34300AA2BD9 /* network_checker.swift */ = {isa = PBXFileReference; lastKnownFileType = sourcecode.swift; path = network_checker.swift; sourceTree = "<group>"; };
		629AC838279DF4C500AA2BD9 /* CheckNetworkView.swift */ = {isa = PBXFileReference; lastKnownFileType = sourcecode.swift; path = CheckNetworkView.swift; sourceTree = "<group>"; };
		629D68BA278EC409005E0214 /* Helper.swift */ = {isa = PBXFileReference; lastKnownFileType = sourcecode.swift; path = Helper.swift; sourceTree = "<group>"; };
		629D68BC278ECAAC005E0214 /* RadiosSwiftUIView.swift */ = {isa = PBXFileReference; lastKnownFileType = sourcecode.swift; path = RadiosSwiftUIView.swift; sourceTree = "<group>"; };
		629F1C8027905D26001BF441 /* SliderSwiftUIView.swift */ = {isa = PBXFileReference; lastKnownFileType = sourcecode.swift; path = SliderSwiftUIView.swift; sourceTree = "<group>"; };
		62A0A54C27862B74002CEB18 /* DetailSwiftUIView.swift */ = {isa = PBXFileReference; lastKnownFileType = sourcecode.swift; path = DetailSwiftUIView.swift; sourceTree = "<group>"; };
		62A0A54E27863EA7002CEB18 /* FavoritesSwiftUIView.swift */ = {isa = PBXFileReference; lastKnownFileType = sourcecode.swift; path = FavoritesSwiftUIView.swift; sourceTree = "<group>"; };
		62A0A55027864E4D002CEB18 /* InfoRadioSwiftUIView.swift */ = {isa = PBXFileReference; lastKnownFileType = sourcecode.swift; path = InfoRadioSwiftUIView.swift; sourceTree = "<group>"; };
		62A5540927989DAA00FB5615 /* Request.swift */ = {isa = PBXFileReference; lastKnownFileType = sourcecode.swift; path = Request.swift; sourceTree = "<group>"; };
		62A9F009275F5B3500B345AE /* playerSwiftUI.app */ = {isa = PBXFileReference; explicitFileType = wrapper.application; includeInIndex = 0; path = playerSwiftUI.app; sourceTree = BUILT_PRODUCTS_DIR; };
		62A9F00C275F5B3500B345AE /* playerSwiftUIApp.swift */ = {isa = PBXFileReference; lastKnownFileType = sourcecode.swift; path = playerSwiftUIApp.swift; sourceTree = "<group>"; };
		62A9F010275F5B3800B345AE /* Assets.xcassets */ = {isa = PBXFileReference; lastKnownFileType = folder.assetcatalog; path = Assets.xcassets; sourceTree = "<group>"; };
		62A9F013275F5B3800B345AE /* Preview Assets.xcassets */ = {isa = PBXFileReference; lastKnownFileType = folder.assetcatalog; path = "Preview Assets.xcassets"; sourceTree = "<group>"; };
		62A9F01C275F689100B345AE /* ExampleSwiftUIView.swift */ = {isa = PBXFileReference; lastKnownFileType = sourcecode.swift; path = ExampleSwiftUIView.swift; sourceTree = "<group>"; };
		62A9F020275F8DE300B345AE /* RadioObj.swift */ = {isa = PBXFileReference; lastKnownFileType = sourcecode.swift; path = RadioObj.swift; sourceTree = "<group>"; };
		62A9F022275FE7FB00B345AE /* PlayerConector.swift */ = {isa = PBXFileReference; lastKnownFileType = sourcecode.swift; path = PlayerConector.swift; sourceTree = "<group>"; };
		62A9F024275FEE5700B345AE /* Info.plist */ = {isa = PBXFileReference; lastKnownFileType = text.plist; name = Info.plist; path = playerSwiftUI/Info.plist; sourceTree = SOURCE_ROOT; };
		62C06B3F27936A3F00FE5E7C /* BarrPlaySwiftUIView.swift */ = {isa = PBXFileReference; lastKnownFileType = sourcecode.swift; path = BarrPlaySwiftUIView.swift; sourceTree = "<group>"; };
		62D824762795AD5700461EF9 /* SplashSwiftUIView.swift */ = {isa = PBXFileReference; lastKnownFileType = sourcecode.swift; path = SplashSwiftUIView.swift; sourceTree = "<group>"; };
		62DBB5B0278CE8FA003EEFE2 /* radios.json */ = {isa = PBXFileReference; fileEncoding = 4; lastKnownFileType = text.json; path = radios.json; sourceTree = "<group>"; };
		62DBB5B6278E3015003EEFE2 /* DetalleUIView.swift */ = {isa = PBXFileReference; fileEncoding = 4; lastKnownFileType = sourcecode.swift; path = DetalleUIView.swift; sourceTree = "<group>"; };
		62ED857E2790CBC2009A7C1C /* SliderItem.swift */ = {isa = PBXFileReference; lastKnownFileType = sourcecode.swift; path = SliderItem.swift; sourceTree = "<group>"; };
/* End PBXFileReference section */

/* Begin PBXFrameworksBuildPhase section */
		624A1C2B292B56B80059EB72 /* Frameworks */ = {
			isa = PBXFrameworksBuildPhase;
			buildActionMask = 2147483647;
			files = (
			);
			runOnlyForDeploymentPostprocessing = 0;
		};
		624A1C47292BA0A20059EB72 /* Frameworks */ = {
			isa = PBXFrameworksBuildPhase;
			buildActionMask = 2147483647;
			files = (
			);
			runOnlyForDeploymentPostprocessing = 0;
		};
		6256950528B35D12004DD765 /* Frameworks */ = {
			isa = PBXFrameworksBuildPhase;
			buildActionMask = 2147483647;
			files = (
			);
			runOnlyForDeploymentPostprocessing = 0;
		};
		62A9F006275F5B3500B345AE /* Frameworks */ = {
			isa = PBXFrameworksBuildPhase;
			buildActionMask = 2147483647;
			files = (
				624CC69A29107399007186A2 /* CachedAsyncImage in Frameworks */,
				623E24BE292E396E0034A076 /* CachedAsyncImage in Frameworks */,
				62192A84279608CE0090579A /* XMLCoder in Frameworks */,
				6299BFAE28940B30003C1DB0 /* Lottie in Frameworks */,
			);
			runOnlyForDeploymentPostprocessing = 0;
		};
/* End PBXFrameworksBuildPhase section */

/* Begin PBXGroup section */
		622ABE602934EDD600D052D2 /* Notes */ = {
			isa = PBXGroup;
			children = (
				624C33DC292555E100528E45 /* Notes  */,
				622ABE652934FA7000D052D2 /* Ency_Doc_Diagram.pdf */,
			);
			path = Notes;
			sourceTree = "<group>";
		};
		6243647028816EA500A20017 /* Settings */ = {
			isa = PBXGroup;
			children = (
				622D45822897D45B002810AD /* newSettingsView.swift */,
			);
			path = Settings;
			sourceTree = "<group>";
		};
		6244C2202885611700FE15B7 /* Searchbar */ = {
			isa = PBXGroup;
			children = (
				6244C2212885614200FE15B7 /* SerachView.swift */,
			);
			path = Searchbar;
			sourceTree = "<group>";
		};
		624A1C2F292B56B80059EB72 /* playerSwiftUIUITests */ = {
			isa = PBXGroup;
			children = (
				624A1C30292B56B80059EB72 /* playerSwiftUIUITests.swift */,
				624A1C32292B56B80059EB72 /* playerSwiftUIUITestsLaunchTests.swift */,
			);
			path = playerSwiftUIUITests;
			sourceTree = "<group>";
		};
		624A1C4B292BA0A20059EB72 /* PlayerAppleTV */ = {
			isa = PBXGroup;
			children = (
				624A1C4C292BA0A20059EB72 /* PlayerAppleTVApp.swift */,
				624A1C4E292BA0A20059EB72 /* ContentView.swift */,
				624A1C58292BC7920059EB72 /* TVSliderView.swift */,
				624A1C50292BA0A30059EB72 /* Assets.xcassets */,
				624A1C52292BA0A30059EB72 /* Preview Content */,
				624A1C5A292BCAD50059EB72 /* MediaTV.xcassets */,
			);
			path = PlayerAppleTV;
			sourceTree = "<group>";
		};
		624A1C52292BA0A30059EB72 /* Preview Content */ = {
			isa = PBXGroup;
			children = (
				624A1C53292BA0A30059EB72 /* Preview Assets.xcassets */,
			);
			path = "Preview Content";
			sourceTree = "<group>";
		};
		624CC68F290FD078007186A2 /* Favorites */ = {
			isa = PBXGroup;
			children = (
				625E8708290EE7230030E31A /* FavoritesView.swift */,
				624CC690290FD09B007186A2 /* MainFavoritesView.swift */,
				624CC692290FE2A7007186A2 /* NewFavoriteModel.swift */,
				624CC69629103849007186A2 /* FavoriteDispView.swift */,
			);
			path = Favorites;
			sourceTree = "<group>";
		};
		624D37D128ACC8CC008A5F3A /* Song playing now */ = {
			isa = PBXGroup;
			children = (
				624B45D429129CE7004C0ACB /* TestSongView.swift */,
				624B45D62912B1B1004C0ACB /* NewSongModel.swift */,
			);
			path = "Song playing now";
			sourceTree = "<group>";
		};
		624E945D2799A64B00803A83 /* unused */ = {
			isa = PBXGroup;
			children = (
				624D37D228ACC917008A5F3A /* song.swift */,
				624D37D428ACC92F008A5F3A /* songViewModel.swift */,
				6243647128816ED700A20017 /* mySettingsView.swift */,
				6231D0E6287F54590026A11D /* Info.plist */,
				62ED857E2790CBC2009A7C1C /* SliderItem.swift */,
				629D68BC278ECAAC005E0214 /* RadiosSwiftUIView.swift */,
				62A0A54E27863EA7002CEB18 /* FavoritesSwiftUIView.swift */,
				62A0A54C27862B74002CEB18 /* DetailSwiftUIView.swift */,
				62A0A55027864E4D002CEB18 /* InfoRadioSwiftUIView.swift */,
				62A9F01C275F689100B345AE /* ExampleSwiftUIView.swift */,
				62C06B3F27936A3F00FE5E7C /* BarrPlaySwiftUIView.swift */,
			);
			path = unused;
			sourceTree = "<group>";
		};
		6256950928B35D12004DD765 /* playerSwiftUITests */ = {
			isa = PBXGroup;
			children = (
				6256950A28B35D12004DD765 /* playerSwiftUITests.swift */,
			);
			path = playerSwiftUITests;
			sourceTree = "<group>";
		};
		62A0A54B27862AEC002CEB18 /* Data model */ = {
			isa = PBXGroup;
			children = (
				624D37D128ACC8CC008A5F3A /* Song playing now */,
				62DBB5B0278CE8FA003EEFE2 /* radios.json */,
				624E80B9290D7E6A005E4450 /* radios23.json */,
				624F7480290C32B3003C3849 /* ModelPlayer.xcdatamodeld */,
				62A9F020275F8DE300B345AE /* RadioObj.swift */,
				62A9F022275FE7FB00B345AE /* PlayerConector.swift */,
				629D68BA278EC409005E0214 /* Helper.swift */,
				62192A802796040C0090579A /* XMLSwiftUIView.swift */,
				62A5540927989DAA00FB5615 /* Request.swift */,
				629AC834279D998600AA2BD9 /* Data_formater.swift */,
				629AC836279DF34300AA2BD9 /* network_checker.swift */,
				622D45802897D409002810AD /* mySettings.swift */,
				624F747E290C3268003C3849 /* DataController.swift */,
			);
			path = "Data model";
			sourceTree = "<group>";
		};
		62A9F000275F5B3500B345AE = {
			isa = PBXGroup;
			children = (
				62A9F00B275F5B3500B345AE /* playerSwiftUI */,
				6256950928B35D12004DD765 /* playerSwiftUITests */,
				624A1C2F292B56B80059EB72 /* playerSwiftUIUITests */,
				624A1C4B292BA0A20059EB72 /* PlayerAppleTV */,
				62A9F00A275F5B3500B345AE /* Products */,
			);
			sourceTree = "<group>";
		};
		62A9F00A275F5B3500B345AE /* Products */ = {
			isa = PBXGroup;
			children = (
				62A9F009275F5B3500B345AE /* playerSwiftUI.app */,
				6256950828B35D12004DD765 /* playerSwiftUITests.xctest */,
				624A1C2E292B56B80059EB72 /* playerSwiftUIUITests.xctest */,
				624A1C4A292BA0A20059EB72 /* PlayerAppleTV.app */,
			);
			name = Products;
			sourceTree = "<group>";
		};
		62A9F00B275F5B3500B345AE /* playerSwiftUI */ = {
			isa = PBXGroup;
			children = (
				622ABE602934EDD600D052D2 /* Notes */,
				624CC68F290FD078007186A2 /* Favorites */,
				628CF57B27A4385000024E8B /* playerSwiftUI.entitlements */,
				624E945D2799A64B00803A83 /* unused */,
				62A9F024275FEE5700B345AE /* Info.plist */,
				62A9F00C275F5B3500B345AE /* playerSwiftUIApp.swift */,
				62DBB5B5278E2F33003EEFE2 /* Home Radio View */,
				62DBB5B4278E2F19003EEFE2 /* Detail View */,
				62A0A54B27862AEC002CEB18 /* Data model */,
				62A9F010275F5B3800B345AE /* Assets.xcassets */,
				6243647028816EA500A20017 /* Settings */,
				6244C2202885611700FE15B7 /* Searchbar */,
				62A9F012275F5B3800B345AE /* Preview Content */,
			);
			path = playerSwiftUI;
			sourceTree = "<group>";
		};
		62A9F012275F5B3800B345AE /* Preview Content */ = {
			isa = PBXGroup;
			children = (
				62A9F013275F5B3800B345AE /* Preview Assets.xcassets */,
			);
			path = "Preview Content";
			sourceTree = "<group>";
		};
		62DBB5B4278E2F19003EEFE2 /* Detail View */ = {
			isa = PBXGroup;
			children = (
				62DBB5B6278E3015003EEFE2 /* DetalleUIView.swift */,
				624E945E2799C7B600803A83 /* newXMLSwiftUIView.swift */,
				6299BFB128940CE9003C1DB0 /* LottieView.swift */,
				6299BFAF28940C59003C1DB0 /* music-equalizer.json */,
			);
			path = "Detail View";
			sourceTree = "<group>";
		};
		62DBB5B5278E2F33003EEFE2 /* Home Radio View */ = {
			isa = PBXGroup;
			children = (
				62D824762795AD5700461EF9 /* SplashSwiftUIView.swift */,
				629F1C8027905D26001BF441 /* SliderSwiftUIView.swift */,
				629AC838279DF4C500AA2BD9 /* CheckNetworkView.swift */,
			);
			path = "Home Radio View";
			sourceTree = "<group>";
		};
/* End PBXGroup section */

/* Begin PBXNativeTarget section */
		624A1C2D292B56B80059EB72 /* playerSwiftUIUITests */ = {
			isa = PBXNativeTarget;
			buildConfigurationList = 624A1C38292B56B80059EB72 /* Build configuration list for PBXNativeTarget "playerSwiftUIUITests" */;
			buildPhases = (
				624A1C2A292B56B80059EB72 /* Sources */,
				624A1C2B292B56B80059EB72 /* Frameworks */,
				624A1C2C292B56B80059EB72 /* Resources */,
			);
			buildRules = (
			);
			dependencies = (
				624A1C35292B56B80059EB72 /* PBXTargetDependency */,
			);
			name = playerSwiftUIUITests;
			productName = playerSwiftUIUITests;
			productReference = 624A1C2E292B56B80059EB72 /* playerSwiftUIUITests.xctest */;
			productType = "com.apple.product-type.bundle.ui-testing";
		};
		624A1C49292BA0A20059EB72 /* PlayerAppleTV */ = {
			isa = PBXNativeTarget;
			buildConfigurationList = 624A1C57292BA0A30059EB72 /* Build configuration list for PBXNativeTarget "PlayerAppleTV" */;
			buildPhases = (
				624A1C46292BA0A20059EB72 /* Sources */,
				624A1C47292BA0A20059EB72 /* Frameworks */,
				624A1C48292BA0A20059EB72 /* Resources */,
			);
			buildRules = (
			);
			dependencies = (
			);
			name = PlayerAppleTV;
			productName = PlayerAppleTV;
			productReference = 624A1C4A292BA0A20059EB72 /* PlayerAppleTV.app */;
			productType = "com.apple.product-type.application";
		};
		6256950728B35D12004DD765 /* playerSwiftUITests */ = {
			isa = PBXNativeTarget;
			buildConfigurationList = 6256951028B35D12004DD765 /* Build configuration list for PBXNativeTarget "playerSwiftUITests" */;
			buildPhases = (
				6256950428B35D12004DD765 /* Sources */,
				6256950528B35D12004DD765 /* Frameworks */,
				6256950628B35D12004DD765 /* Resources */,
			);
			buildRules = (
			);
			dependencies = (
				6256950D28B35D12004DD765 /* PBXTargetDependency */,
			);
			name = playerSwiftUITests;
			productName = playerSwiftUITests;
			productReference = 6256950828B35D12004DD765 /* playerSwiftUITests.xctest */;
			productType = "com.apple.product-type.bundle.unit-test";
		};
		62A9F008275F5B3500B345AE /* playerSwiftUI */ = {
			isa = PBXNativeTarget;
			buildConfigurationList = 62A9F017275F5B3800B345AE /* Build configuration list for PBXNativeTarget "playerSwiftUI" */;
			buildPhases = (
				62A9F005275F5B3500B345AE /* Sources */,
				62A9F006275F5B3500B345AE /* Frameworks */,
				62A9F007275F5B3500B345AE /* Resources */,
				62A4D29A2760AE2B00D29403 /* Embed Watch Content */,
				628CF57627A42BD800024E8B /* Embed App Extensions */,
			);
			buildRules = (
			);
			dependencies = (
			);
			name = playerSwiftUI;
			packageProductDependencies = (
				62192A83279608CE0090579A /* XMLCoder */,
				6299BFAD28940B30003C1DB0 /* Lottie */,
				624CC69929107399007186A2 /* CachedAsyncImage */,
				623E24BD292E396E0034A076 /* CachedAsyncImage */,
			);
			productName = playerSwiftUI;
			productReference = 62A9F009275F5B3500B345AE /* playerSwiftUI.app */;
			productType = "com.apple.product-type.application";
		};
/* End PBXNativeTarget section */

/* Begin PBXProject section */
		62A9F001275F5B3500B345AE /* Project object */ = {
			isa = PBXProject;
			attributes = {
				BuildIndependentTargetsInParallel = 1;
				LastSwiftUpdateCheck = 1340;
				LastUpgradeCheck = 1310;
				TargetAttributes = {
					624A1C2D292B56B80059EB72 = {
						CreatedOnToolsVersion = 13.4.1;
						TestTargetID = 62A9F008275F5B3500B345AE;
					};
					624A1C49292BA0A20059EB72 = {
						CreatedOnToolsVersion = 13.4.1;
					};
					6256950728B35D12004DD765 = {
						CreatedOnToolsVersion = 13.4.1;
						TestTargetID = 62A9F008275F5B3500B345AE;
					};
					62A9F008275F5B3500B345AE = {
						CreatedOnToolsVersion = 13.1;
					};
				};
			};
			buildConfigurationList = 62A9F004275F5B3500B345AE /* Build configuration list for PBXProject "playerSwiftUI" */;
			compatibilityVersion = "Xcode 12.0";
			developmentRegion = en;
			hasScannedForEncodings = 0;
			knownRegions = (
				en,
				Base,
			);
			mainGroup = 62A9F000275F5B3500B345AE;
			packageReferences = (
				62192A82279608CE0090579A /* XCRemoteSwiftPackageReference "XMLCoder" */,
				6299BFAC28940B30003C1DB0 /* XCRemoteSwiftPackageReference "lottie-ios" */,
				624CC69829107399007186A2 /* XCRemoteSwiftPackageReference "swiftui-cached-async-image" */,
				623E24BC292E396E0034A076 /* XCRemoteSwiftPackageReference "swiftui-cached-async-image" */,
			);
			productRefGroup = 62A9F00A275F5B3500B345AE /* Products */;
			projectDirPath = "";
			projectRoot = "";
			targets = (
				62A9F008275F5B3500B345AE /* playerSwiftUI */,
				6256950728B35D12004DD765 /* playerSwiftUITests */,
				624A1C2D292B56B80059EB72 /* playerSwiftUIUITests */,
				624A1C49292BA0A20059EB72 /* PlayerAppleTV */,
			);
		};
/* End PBXProject section */

/* Begin PBXResourcesBuildPhase section */
		624A1C2C292B56B80059EB72 /* Resources */ = {
			isa = PBXResourcesBuildPhase;
			buildActionMask = 2147483647;
			files = (
			);
			runOnlyForDeploymentPostprocessing = 0;
		};
		624A1C48292BA0A20059EB72 /* Resources */ = {
			isa = PBXResourcesBuildPhase;
			buildActionMask = 2147483647;
			files = (
				624A1C5B292BCAD50059EB72 /* MediaTV.xcassets in Resources */,
				624A1C54292BA0A30059EB72 /* Preview Assets.xcassets in Resources */,
				624A1C51292BA0A30059EB72 /* Assets.xcassets in Resources */,
			);
			runOnlyForDeploymentPostprocessing = 0;
		};
		6256950628B35D12004DD765 /* Resources */ = {
			isa = PBXResourcesBuildPhase;
			buildActionMask = 2147483647;
			files = (
			);
			runOnlyForDeploymentPostprocessing = 0;
		};
		62A9F007275F5B3500B345AE /* Resources */ = {
			isa = PBXResourcesBuildPhase;
			buildActionMask = 2147483647;
			files = (
				6299BFB028940C59003C1DB0 /* music-equalizer.json in Resources */,
				62DBB5B1278CE8FA003EEFE2 /* radios.json in Resources */,
				624E80BA290D7E6A005E4450 /* radios23.json in Resources */,
				62A9F014275F5B3800B345AE /* Preview Assets.xcassets in Resources */,
				622ABE662934FA7000D052D2 /* Ency_Doc_Diagram.pdf in Resources */,
				62A9F011275F5B3800B345AE /* Assets.xcassets in Resources */,
				624C33DD292555E100528E45 /* Notes  in Resources */,
			);
			runOnlyForDeploymentPostprocessing = 0;
		};
/* End PBXResourcesBuildPhase section */

/* Begin PBXSourcesBuildPhase section */
		624A1C2A292B56B80059EB72 /* Sources */ = {
			isa = PBXSourcesBuildPhase;
			buildActionMask = 2147483647;
			files = (
				624A1C31292B56B80059EB72 /* playerSwiftUIUITests.swift in Sources */,
				624A1C33292B56B80059EB72 /* playerSwiftUIUITestsLaunchTests.swift in Sources */,
			);
			runOnlyForDeploymentPostprocessing = 0;
		};
		624A1C46292BA0A20059EB72 /* Sources */ = {
			isa = PBXSourcesBuildPhase;
			buildActionMask = 2147483647;
			files = (
				624A1C4F292BA0A20059EB72 /* ContentView.swift in Sources */,
				624A1C4D292BA0A20059EB72 /* PlayerAppleTVApp.swift in Sources */,
				624A1C59292BC7920059EB72 /* TVSliderView.swift in Sources */,
			);
			runOnlyForDeploymentPostprocessing = 0;
		};
		6256950428B35D12004DD765 /* Sources */ = {
			isa = PBXSourcesBuildPhase;
			buildActionMask = 2147483647;
			files = (
				6256950B28B35D12004DD765 /* playerSwiftUITests.swift in Sources */,
			);
			runOnlyForDeploymentPostprocessing = 0;
		};
		62A9F005275F5B3500B345AE /* Sources */ = {
			isa = PBXSourcesBuildPhase;
			buildActionMask = 2147483647;
			files = (
				62A9F01D275F689100B345AE /* ExampleSwiftUIView.swift in Sources */,
				62A5540A27989DAA00FB5615 /* Request.swift in Sources */,
				62A0A54D27862B74002CEB18 /* DetailSwiftUIView.swift in Sources */,
				624CC69729103849007186A2 /* FavoriteDispView.swift in Sources */,
				62DBB5B7278E3015003EEFE2 /* DetalleUIView.swift in Sources */,
				629AC839279DF4C500AA2BD9 /* CheckNetworkView.swift in Sources */,
				62A0A54F27863EA7002CEB18 /* FavoritesSwiftUIView.swift in Sources */,
				62C06B4027936A4000FE5E7C /* BarrPlaySwiftUIView.swift in Sources */,
				622D45832897D45B002810AD /* newSettingsView.swift in Sources */,
				624D37D328ACC917008A5F3A /* song.swift in Sources */,
				62A9F023275FE7FB00B345AE /* PlayerConector.swift in Sources */,
				62ED857F2790CBC3009A7C1C /* SliderItem.swift in Sources */,
				624D37D528ACC92F008A5F3A /* songViewModel.swift in Sources */,
				624CC693290FE2A7007186A2 /* NewFavoriteModel.swift in Sources */,
				62D824772795AD5700461EF9 /* SplashSwiftUIView.swift in Sources */,
				6244C2222885614200FE15B7 /* SerachView.swift in Sources */,
				629D68BB278EC409005E0214 /* Helper.swift in Sources */,
				624B45D529129CE7004C0ACB /* TestSongView.swift in Sources */,
				62A9F021275F8DE300B345AE /* RadioObj.swift in Sources */,
				629AC835279D998600AA2BD9 /* Data_formater.swift in Sources */,
				624CC691290FD09B007186A2 /* MainFavoritesView.swift in Sources */,
				629F1C8127905D27001BF441 /* SliderSwiftUIView.swift in Sources */,
				62192A812796040D0090579A /* XMLSwiftUIView.swift in Sources */,
				62A9F00D275F5B3500B345AE /* playerSwiftUIApp.swift in Sources */,
				625E8709290EE7230030E31A /* FavoritesView.swift in Sources */,
				6243647228816ED700A20017 /* mySettingsView.swift in Sources */,
				624F747F290C3268003C3849 /* DataController.swift in Sources */,
				622D45812897D409002810AD /* mySettings.swift in Sources */,
				629AC837279DF34300AA2BD9 /* network_checker.swift in Sources */,
				629D68BD278ECAAC005E0214 /* RadiosSwiftUIView.swift in Sources */,
				6299BFB228940CE9003C1DB0 /* LottieView.swift in Sources */,
				62A0A55127864E4D002CEB18 /* InfoRadioSwiftUIView.swift in Sources */,
				624E945F2799C7B700803A83 /* newXMLSwiftUIView.swift in Sources */,
				624B45D72912B1B1004C0ACB /* NewSongModel.swift in Sources */,
				624F7482290C32B3003C3849 /* ModelPlayer.xcdatamodeld in Sources */,
			);
			runOnlyForDeploymentPostprocessing = 0;
		};
/* End PBXSourcesBuildPhase section */

/* Begin PBXTargetDependency section */
		624A1C35292B56B80059EB72 /* PBXTargetDependency */ = {
			isa = PBXTargetDependency;
			target = 62A9F008275F5B3500B345AE /* playerSwiftUI */;
			targetProxy = 624A1C34292B56B80059EB72 /* PBXContainerItemProxy */;
		};
		6256950D28B35D12004DD765 /* PBXTargetDependency */ = {
			isa = PBXTargetDependency;
			target = 62A9F008275F5B3500B345AE /* playerSwiftUI */;
			targetProxy = 6256950C28B35D12004DD765 /* PBXContainerItemProxy */;
		};
/* End PBXTargetDependency section */

/* Begin XCBuildConfiguration section */
		624A1C36292B56B80059EB72 /* Debug */ = {
			isa = XCBuildConfiguration;
			buildSettings = {
				CODE_SIGN_STYLE = Automatic;
				CURRENT_PROJECT_VERSION = 1;
				DEVELOPMENT_TEAM = 8D7GNS96P8;
				GENERATE_INFOPLIST_FILE = YES;
				IPHONEOS_DEPLOYMENT_TARGET = 15.5;
				MARKETING_VERSION = 1.0;
				PRODUCT_BUNDLE_IDENTIFIER = se.alvararias.playerSwiftUIUITests;
				PRODUCT_NAME = "$(TARGET_NAME)";
				SWIFT_EMIT_LOC_STRINGS = NO;
				SWIFT_VERSION = 5.0;
				TARGETED_DEVICE_FAMILY = "1,2";
				TEST_TARGET_NAME = playerSwiftUI;
			};
			name = Debug;
		};
		624A1C37292B56B80059EB72 /* Release */ = {
			isa = XCBuildConfiguration;
			buildSettings = {
				CODE_SIGN_STYLE = Automatic;
				CURRENT_PROJECT_VERSION = 1;
				DEVELOPMENT_TEAM = 8D7GNS96P8;
				GENERATE_INFOPLIST_FILE = YES;
				IPHONEOS_DEPLOYMENT_TARGET = 15.5;
				MARKETING_VERSION = 1.0;
				PRODUCT_BUNDLE_IDENTIFIER = se.alvararias.playerSwiftUIUITests;
				PRODUCT_NAME = "$(TARGET_NAME)";
				SWIFT_EMIT_LOC_STRINGS = NO;
				SWIFT_VERSION = 5.0;
				TARGETED_DEVICE_FAMILY = "1,2";
				TEST_TARGET_NAME = playerSwiftUI;
			};
			name = Release;
		};
		624A1C55292BA0A30059EB72 /* Debug */ = {
			isa = XCBuildConfiguration;
			buildSettings = {
				ASSETCATALOG_COMPILER_APPICON_NAME = "App Icon & Top Shelf Image";
				ASSETCATALOG_COMPILER_GLOBAL_ACCENT_COLOR_NAME = AccentColor;
				CODE_SIGN_STYLE = Automatic;
				CURRENT_PROJECT_VERSION = 1;
				DEVELOPMENT_ASSET_PATHS = "\"PlayerAppleTV/Preview Content\"";
				DEVELOPMENT_TEAM = 8D7GNS96P8;
				ENABLE_PREVIEWS = YES;
				GENERATE_INFOPLIST_FILE = YES;
				INFOPLIST_KEY_UILaunchScreen_Generation = YES;
				INFOPLIST_KEY_UIUserInterfaceStyle = Automatic;
				LD_RUNPATH_SEARCH_PATHS = (
					"$(inherited)",
					"@executable_path/Frameworks",
				);
				MARKETING_VERSION = 1.0;
				PRODUCT_BUNDLE_IDENTIFIER = se.alvararias.PlayerAppleTV;
				PRODUCT_NAME = "$(TARGET_NAME)";
				SDKROOT = appletvos;
				SWIFT_EMIT_LOC_STRINGS = YES;
				SWIFT_VERSION = 5.0;
				TARGETED_DEVICE_FAMILY = 3;
				TVOS_DEPLOYMENT_TARGET = 15.4;
			};
			name = Debug;
		};
		624A1C56292BA0A30059EB72 /* Release */ = {
			isa = XCBuildConfiguration;
			buildSettings = {
				ASSETCATALOG_COMPILER_APPICON_NAME = "App Icon & Top Shelf Image";
				ASSETCATALOG_COMPILER_GLOBAL_ACCENT_COLOR_NAME = AccentColor;
				CODE_SIGN_STYLE = Automatic;
				CURRENT_PROJECT_VERSION = 1;
				DEVELOPMENT_ASSET_PATHS = "\"PlayerAppleTV/Preview Content\"";
				DEVELOPMENT_TEAM = 8D7GNS96P8;
				ENABLE_PREVIEWS = YES;
				GENERATE_INFOPLIST_FILE = YES;
				INFOPLIST_KEY_UILaunchScreen_Generation = YES;
				INFOPLIST_KEY_UIUserInterfaceStyle = Automatic;
				LD_RUNPATH_SEARCH_PATHS = (
					"$(inherited)",
					"@executable_path/Frameworks",
				);
				MARKETING_VERSION = 1.0;
				PRODUCT_BUNDLE_IDENTIFIER = se.alvararias.PlayerAppleTV;
				PRODUCT_NAME = "$(TARGET_NAME)";
				SDKROOT = appletvos;
				SWIFT_EMIT_LOC_STRINGS = YES;
				SWIFT_VERSION = 5.0;
				TARGETED_DEVICE_FAMILY = 3;
				TVOS_DEPLOYMENT_TARGET = 15.4;
			};
			name = Release;
		};
		6256950E28B35D12004DD765 /* Debug */ = {
			isa = XCBuildConfiguration;
			buildSettings = {
				BUNDLE_LOADER = "$(TEST_HOST)";
				CODE_SIGN_STYLE = Automatic;
				CURRENT_PROJECT_VERSION = 1;
				DEVELOPMENT_TEAM = 8D7GNS96P8;
				GENERATE_INFOPLIST_FILE = YES;
				IPHONEOS_DEPLOYMENT_TARGET = 15.5;
				MARKETING_VERSION = 1.0;
				PRODUCT_BUNDLE_IDENTIFIER = se.alvararias.playerSwiftUITests;
				PRODUCT_NAME = "$(TARGET_NAME)";
				SWIFT_EMIT_LOC_STRINGS = NO;
				SWIFT_VERSION = 5.0;
				TARGETED_DEVICE_FAMILY = "1,2";
				TEST_HOST = "$(BUILT_PRODUCTS_DIR)/playerSwiftUI.app/playerSwiftUI";
			};
			name = Debug;
		};
		6256950F28B35D12004DD765 /* Release */ = {
			isa = XCBuildConfiguration;
			buildSettings = {
				BUNDLE_LOADER = "$(TEST_HOST)";
				CODE_SIGN_STYLE = Automatic;
				CURRENT_PROJECT_VERSION = 1;
				DEVELOPMENT_TEAM = 8D7GNS96P8;
				GENERATE_INFOPLIST_FILE = YES;
				IPHONEOS_DEPLOYMENT_TARGET = 15.5;
				MARKETING_VERSION = 1.0;
				PRODUCT_BUNDLE_IDENTIFIER = se.alvararias.playerSwiftUITests;
				PRODUCT_NAME = "$(TARGET_NAME)";
				SWIFT_EMIT_LOC_STRINGS = NO;
				SWIFT_VERSION = 5.0;
				TARGETED_DEVICE_FAMILY = "1,2";
				TEST_HOST = "$(BUILT_PRODUCTS_DIR)/playerSwiftUI.app/playerSwiftUI";
			};
			name = Release;
		};
		62A9F015275F5B3800B345AE /* Debug */ = {
			isa = XCBuildConfiguration;
			buildSettings = {
				ALWAYS_SEARCH_USER_PATHS = NO;
				CLANG_ANALYZER_NONNULL = YES;
				CLANG_ANALYZER_NUMBER_OBJECT_CONVERSION = YES_AGGRESSIVE;
				CLANG_CXX_LANGUAGE_STANDARD = "gnu++17";
				CLANG_CXX_LIBRARY = "libc++";
				CLANG_ENABLE_MODULES = YES;
				CLANG_ENABLE_OBJC_ARC = YES;
				CLANG_ENABLE_OBJC_WEAK = YES;
				CLANG_WARN_BLOCK_CAPTURE_AUTORELEASING = YES;
				CLANG_WARN_BOOL_CONVERSION = YES;
				CLANG_WARN_COMMA = YES;
				CLANG_WARN_CONSTANT_CONVERSION = YES;
				CLANG_WARN_DEPRECATED_OBJC_IMPLEMENTATIONS = YES;
				CLANG_WARN_DIRECT_OBJC_ISA_USAGE = YES_ERROR;
				CLANG_WARN_DOCUMENTATION_COMMENTS = YES;
				CLANG_WARN_EMPTY_BODY = YES;
				CLANG_WARN_ENUM_CONVERSION = YES;
				CLANG_WARN_INFINITE_RECURSION = YES;
				CLANG_WARN_INT_CONVERSION = YES;
				CLANG_WARN_NON_LITERAL_NULL_CONVERSION = YES;
				CLANG_WARN_OBJC_IMPLICIT_RETAIN_SELF = YES;
				CLANG_WARN_OBJC_LITERAL_CONVERSION = YES;
				CLANG_WARN_OBJC_ROOT_CLASS = YES_ERROR;
				CLANG_WARN_QUOTED_INCLUDE_IN_FRAMEWORK_HEADER = YES;
				CLANG_WARN_RANGE_LOOP_ANALYSIS = YES;
				CLANG_WARN_STRICT_PROTOTYPES = YES;
				CLANG_WARN_SUSPICIOUS_MOVE = YES;
				CLANG_WARN_UNGUARDED_AVAILABILITY = YES_AGGRESSIVE;
				CLANG_WARN_UNREACHABLE_CODE = YES;
				CLANG_WARN__DUPLICATE_METHOD_MATCH = YES;
				COPY_PHASE_STRIP = NO;
				DEBUG_INFORMATION_FORMAT = dwarf;
				ENABLE_STRICT_OBJC_MSGSEND = YES;
				ENABLE_TESTABILITY = YES;
				GCC_C_LANGUAGE_STANDARD = gnu11;
				GCC_DYNAMIC_NO_PIC = NO;
				GCC_NO_COMMON_BLOCKS = YES;
				GCC_OPTIMIZATION_LEVEL = 0;
				GCC_PREPROCESSOR_DEFINITIONS = (
					"DEBUG=1",
					"$(inherited)",
				);
				GCC_WARN_64_TO_32_BIT_CONVERSION = YES;
				GCC_WARN_ABOUT_RETURN_TYPE = YES_ERROR;
				GCC_WARN_UNDECLARED_SELECTOR = YES;
				GCC_WARN_UNINITIALIZED_AUTOS = YES_AGGRESSIVE;
				GCC_WARN_UNUSED_FUNCTION = YES;
				GCC_WARN_UNUSED_VARIABLE = YES;
				IPHONEOS_DEPLOYMENT_TARGET = 15.0;
				MTL_ENABLE_DEBUG_INFO = INCLUDE_SOURCE;
				MTL_FAST_MATH = YES;
				ONLY_ACTIVE_ARCH = YES;
				SDKROOT = iphoneos;
				SWIFT_ACTIVE_COMPILATION_CONDITIONS = DEBUG;
				SWIFT_OPTIMIZATION_LEVEL = "-Onone";
				SWIFT_VERSION = 5.0;
			};
			name = Debug;
		};
		62A9F016275F5B3800B345AE /* Release */ = {
			isa = XCBuildConfiguration;
			buildSettings = {
				ALWAYS_SEARCH_USER_PATHS = NO;
				CLANG_ANALYZER_NONNULL = YES;
				CLANG_ANALYZER_NUMBER_OBJECT_CONVERSION = YES_AGGRESSIVE;
				CLANG_CXX_LANGUAGE_STANDARD = "gnu++17";
				CLANG_CXX_LIBRARY = "libc++";
				CLANG_ENABLE_MODULES = YES;
				CLANG_ENABLE_OBJC_ARC = YES;
				CLANG_ENABLE_OBJC_WEAK = YES;
				CLANG_WARN_BLOCK_CAPTURE_AUTORELEASING = YES;
				CLANG_WARN_BOOL_CONVERSION = YES;
				CLANG_WARN_COMMA = YES;
				CLANG_WARN_CONSTANT_CONVERSION = YES;
				CLANG_WARN_DEPRECATED_OBJC_IMPLEMENTATIONS = YES;
				CLANG_WARN_DIRECT_OBJC_ISA_USAGE = YES_ERROR;
				CLANG_WARN_DOCUMENTATION_COMMENTS = YES;
				CLANG_WARN_EMPTY_BODY = YES;
				CLANG_WARN_ENUM_CONVERSION = YES;
				CLANG_WARN_INFINITE_RECURSION = YES;
				CLANG_WARN_INT_CONVERSION = YES;
				CLANG_WARN_NON_LITERAL_NULL_CONVERSION = YES;
				CLANG_WARN_OBJC_IMPLICIT_RETAIN_SELF = YES;
				CLANG_WARN_OBJC_LITERAL_CONVERSION = YES;
				CLANG_WARN_OBJC_ROOT_CLASS = YES_ERROR;
				CLANG_WARN_QUOTED_INCLUDE_IN_FRAMEWORK_HEADER = YES;
				CLANG_WARN_RANGE_LOOP_ANALYSIS = YES;
				CLANG_WARN_STRICT_PROTOTYPES = YES;
				CLANG_WARN_SUSPICIOUS_MOVE = YES;
				CLANG_WARN_UNGUARDED_AVAILABILITY = YES_AGGRESSIVE;
				CLANG_WARN_UNREACHABLE_CODE = YES;
				CLANG_WARN__DUPLICATE_METHOD_MATCH = YES;
				COPY_PHASE_STRIP = NO;
				DEBUG_INFORMATION_FORMAT = "dwarf-with-dsym";
				ENABLE_NS_ASSERTIONS = NO;
				ENABLE_STRICT_OBJC_MSGSEND = YES;
				GCC_C_LANGUAGE_STANDARD = gnu11;
				GCC_NO_COMMON_BLOCKS = YES;
				GCC_WARN_64_TO_32_BIT_CONVERSION = YES;
				GCC_WARN_ABOUT_RETURN_TYPE = YES_ERROR;
				GCC_WARN_UNDECLARED_SELECTOR = YES;
				GCC_WARN_UNINITIALIZED_AUTOS = YES_AGGRESSIVE;
				GCC_WARN_UNUSED_FUNCTION = YES;
				GCC_WARN_UNUSED_VARIABLE = YES;
				IPHONEOS_DEPLOYMENT_TARGET = 15.0;
				MTL_ENABLE_DEBUG_INFO = NO;
				MTL_FAST_MATH = YES;
				SDKROOT = iphoneos;
				SWIFT_COMPILATION_MODE = wholemodule;
				SWIFT_OPTIMIZATION_LEVEL = "-O";
				SWIFT_VERSION = 5.0;
				VALIDATE_PRODUCT = YES;
			};
			name = Release;
		};
		62A9F018275F5B3800B345AE /* Debug */ = {
			isa = XCBuildConfiguration;
			buildSettings = {
				ALWAYS_EMBED_SWIFT_STANDARD_LIBRARIES = YES;
				ASSETCATALOG_COMPILER_APPICON_NAME = AppIcon;
				ASSETCATALOG_COMPILER_GLOBAL_ACCENT_COLOR_NAME = AccentColor;
				CODE_SIGN_ENTITLEMENTS = playerSwiftUI/playerSwiftUI.entitlements;
				CODE_SIGN_STYLE = Automatic;
				CURRENT_PROJECT_VERSION = 1;
				DEVELOPMENT_ASSET_PATHS = "";
				DEVELOPMENT_TEAM = 8D7GNS96P8;
				ENABLE_PREVIEWS = YES;
				GENERATE_INFOPLIST_FILE = YES;
				INFOPLIST_FILE = playerSwiftUI/Info.plist;
				INFOPLIST_KEY_UIApplicationSceneManifest_Generation = YES;
				INFOPLIST_KEY_UIApplicationSupportsIndirectInputEvents = YES;
				INFOPLIST_KEY_UILaunchScreen_Generation = YES;
				INFOPLIST_KEY_UISupportedInterfaceOrientations = UIInterfaceOrientationPortrait;
				INFOPLIST_KEY_UISupportedInterfaceOrientations_iPad = "UIInterfaceOrientationPortrait UIInterfaceOrientationPortraitUpsideDown UIInterfaceOrientationLandscapeLeft UIInterfaceOrientationLandscapeRight";
				INFOPLIST_KEY_UISupportedInterfaceOrientations_iPhone = "UIInterfaceOrientationPortrait UIInterfaceOrientationLandscapeLeft UIInterfaceOrientationLandscapeRight";
				LD_RUNPATH_SEARCH_PATHS = (
					"$(inherited)",
					"@executable_path/Frameworks",
				);
				MARKETING_VERSION = 1.033;
				PRODUCT_BUNDLE_IDENTIFIER = se.alvararias.radioPlayerSwift;
				PRODUCT_NAME = "$(TARGET_NAME)";
				SWIFT_EMIT_LOC_STRINGS = YES;
				SWIFT_VERSION = 5.0;
				TARGETED_DEVICE_FAMILY = 1;
			};
			name = Debug;
		};
		62A9F019275F5B3800B345AE /* Release */ = {
			isa = XCBuildConfiguration;
			buildSettings = {
				ALWAYS_EMBED_SWIFT_STANDARD_LIBRARIES = YES;
				ASSETCATALOG_COMPILER_APPICON_NAME = AppIcon;
				ASSETCATALOG_COMPILER_GLOBAL_ACCENT_COLOR_NAME = AccentColor;
				CODE_SIGN_ENTITLEMENTS = playerSwiftUI/playerSwiftUI.entitlements;
				CODE_SIGN_STYLE = Automatic;
				CURRENT_PROJECT_VERSION = 1;
				DEVELOPMENT_ASSET_PATHS = "";
				DEVELOPMENT_TEAM = 8D7GNS96P8;
				ENABLE_PREVIEWS = YES;
				GENERATE_INFOPLIST_FILE = YES;
				INFOPLIST_FILE = playerSwiftUI/Info.plist;
				INFOPLIST_KEY_UIApplicationSceneManifest_Generation = YES;
				INFOPLIST_KEY_UIApplicationSupportsIndirectInputEvents = YES;
				INFOPLIST_KEY_UILaunchScreen_Generation = YES;
				INFOPLIST_KEY_UISupportedInterfaceOrientations = UIInterfaceOrientationPortrait;
				INFOPLIST_KEY_UISupportedInterfaceOrientations_iPad = "UIInterfaceOrientationPortrait UIInterfaceOrientationPortraitUpsideDown UIInterfaceOrientationLandscapeLeft UIInterfaceOrientationLandscapeRight";
				INFOPLIST_KEY_UISupportedInterfaceOrientations_iPhone = "UIInterfaceOrientationPortrait UIInterfaceOrientationLandscapeLeft UIInterfaceOrientationLandscapeRight";
				LD_RUNPATH_SEARCH_PATHS = (
					"$(inherited)",
					"@executable_path/Frameworks",
				);
				MARKETING_VERSION = 1.033;
				PRODUCT_BUNDLE_IDENTIFIER = se.alvararias.radioPlayerSwift;
				PRODUCT_NAME = "$(TARGET_NAME)";
				SWIFT_EMIT_LOC_STRINGS = YES;
				SWIFT_VERSION = 5.0;
				TARGETED_DEVICE_FAMILY = 1;
			};
			name = Release;
		};
/* End XCBuildConfiguration section */

/* Begin XCConfigurationList section */
		624A1C38292B56B80059EB72 /* Build configuration list for PBXNativeTarget "playerSwiftUIUITests" */ = {
			isa = XCConfigurationList;
			buildConfigurations = (
				624A1C36292B56B80059EB72 /* Debug */,
				624A1C37292B56B80059EB72 /* Release */,
			);
			defaultConfigurationIsVisible = 0;
			defaultConfigurationName = Release;
		};
		624A1C57292BA0A30059EB72 /* Build configuration list for PBXNativeTarget "PlayerAppleTV" */ = {
			isa = XCConfigurationList;
			buildConfigurations = (
				624A1C55292BA0A30059EB72 /* Debug */,
				624A1C56292BA0A30059EB72 /* Release */,
			);
			defaultConfigurationIsVisible = 0;
			defaultConfigurationName = Release;
		};
		6256951028B35D12004DD765 /* Build configuration list for PBXNativeTarget "playerSwiftUITests" */ = {
			isa = XCConfigurationList;
			buildConfigurations = (
				6256950E28B35D12004DD765 /* Debug */,
				6256950F28B35D12004DD765 /* Release */,
			);
			defaultConfigurationIsVisible = 0;
			defaultConfigurationName = Release;
		};
		62A9F004275F5B3500B345AE /* Build configuration list for PBXProject "playerSwiftUI" */ = {
			isa = XCConfigurationList;
			buildConfigurations = (
				62A9F015275F5B3800B345AE /* Debug */,
				62A9F016275F5B3800B345AE /* Release */,
			);
			defaultConfigurationIsVisible = 0;
			defaultConfigurationName = Release;
		};
		62A9F017275F5B3800B345AE /* Build configuration list for PBXNativeTarget "playerSwiftUI" */ = {
			isa = XCConfigurationList;
			buildConfigurations = (
				62A9F018275F5B3800B345AE /* Debug */,
				62A9F019275F5B3800B345AE /* Release */,
			);
			defaultConfigurationIsVisible = 0;
			defaultConfigurationName = Release;
		};
/* End XCConfigurationList section */

/* Begin XCRemoteSwiftPackageReference section */
		62192A82279608CE0090579A /* XCRemoteSwiftPackageReference "XMLCoder" */ = {
			isa = XCRemoteSwiftPackageReference;
			repositoryURL = "https://github.com/MaxDesiatov/XMLCoder.git";
			requirement = {
				kind = upToNextMajorVersion;
				minimumVersion = 0.9.0;
			};
		};
		623E24BC292E396E0034A076 /* XCRemoteSwiftPackageReference "swiftui-cached-async-image" */ = {
			isa = XCRemoteSwiftPackageReference;
			repositoryURL = "https://github.com/lorenzofiamingo/swiftui-cached-async-image";
			requirement = {
				branch = main;
				kind = branch;
			};
		};
		624CC69829107399007186A2 /* XCRemoteSwiftPackageReference "swiftui-cached-async-image" */ = {
			isa = XCRemoteSwiftPackageReference;
			repositoryURL = "https://github.com/lorenzofiamingo/swiftui-cached-async-image";
			requirement = {
				kind = upToNextMajorVersion;
				minimumVersion = 2.0.0;
			};
		};
		6299BFAC28940B30003C1DB0 /* XCRemoteSwiftPackageReference "lottie-ios" */ = {
			isa = XCRemoteSwiftPackageReference;
			repositoryURL = "https://github.com/airbnb/lottie-ios";
			requirement = {
				branch = master;
				kind = branch;
			};
		};
/* End XCRemoteSwiftPackageReference section */

/* Begin XCSwiftPackageProductDependency section */
		62192A83279608CE0090579A /* XMLCoder */ = {
			isa = XCSwiftPackageProductDependency;
			package = 62192A82279608CE0090579A /* XCRemoteSwiftPackageReference "XMLCoder" */;
			productName = XMLCoder;
		};
		623E24BD292E396E0034A076 /* CachedAsyncImage */ = {
			isa = XCSwiftPackageProductDependency;
			package = 623E24BC292E396E0034A076 /* XCRemoteSwiftPackageReference "swiftui-cached-async-image" */;
			productName = CachedAsyncImage;
		};
		624CC69929107399007186A2 /* CachedAsyncImage */ = {
			isa = XCSwiftPackageProductDependency;
			package = 624CC69829107399007186A2 /* XCRemoteSwiftPackageReference "swiftui-cached-async-image" */;
			productName = CachedAsyncImage;
		};
		6299BFAD28940B30003C1DB0 /* Lottie */ = {
			isa = XCSwiftPackageProductDependency;
			package = 6299BFAC28940B30003C1DB0 /* XCRemoteSwiftPackageReference "lottie-ios" */;
			productName = Lottie;
		};
/* End XCSwiftPackageProductDependency section */

/* Begin XCVersionGroup section */
		624F7480290C32B3003C3849 /* ModelPlayer.xcdatamodeld */ = {
			isa = XCVersionGroup;
			children = (
				624F7481290C32B3003C3849 /* ModelPlayer.xcdatamodel */,
			);
			currentVersion = 624F7481290C32B3003C3849 /* ModelPlayer.xcdatamodel */;
			path = ModelPlayer.xcdatamodeld;
			sourceTree = "<group>";
			versionGroupType = wrapper.xcdatamodel;
		};
/* End XCVersionGroup section */
	};
	rootObject = 62A9F001275F5B3500B345AE /* Project object */;
}
