// !$*UTF8*$!
{
	archiveVersion = 1;
	classes = {
	};
	objectVersion = 55;
	objects = {

/* Begin PBXBuildFile section */
		62192A812796040D0090579A /* XMLSwiftUIView.swift in Sources */ = {isa = PBXBuildFile; fileRef = 62192A802796040C0090579A /* XMLSwiftUIView.swift */; };
		62192A84279608CE0090579A /* XMLCoder in Frameworks */ = {isa = PBXBuildFile; productRef = 62192A83279608CE0090579A /* XMLCoder */; };
		624E945F2799C7B700803A83 /* newXMLSwiftUIView.swift in Sources */ = {isa = PBXBuildFile; fileRef = 624E945E2799C7B600803A83 /* newXMLSwiftUIView.swift */; };
		629AC835279D998600AA2BD9 /* Data_formater.swift in Sources */ = {isa = PBXBuildFile; fileRef = 629AC834279D998600AA2BD9 /* Data_formater.swift */; };
		629AC837279DF34300AA2BD9 /* network_checker.swift in Sources */ = {isa = PBXBuildFile; fileRef = 629AC836279DF34300AA2BD9 /* network_checker.swift */; };
		629AC839279DF4C500AA2BD9 /* CheckNetworkView.swift in Sources */ = {isa = PBXBuildFile; fileRef = 629AC838279DF4C500AA2BD9 /* CheckNetworkView.swift */; };
		629D68BB278EC409005E0214 /* Helper.swift in Sources */ = {isa = PBXBuildFile; fileRef = 629D68BA278EC409005E0214 /* Helper.swift */; };
		629D68BD278ECAAC005E0214 /* RadiosSwiftUIView.swift in Sources */ = {isa = PBXBuildFile; fileRef = 629D68BC278ECAAC005E0214 /* RadiosSwiftUIView.swift */; };
		629F1C8127905D27001BF441 /* SliderSwiftUIView.swift in Sources */ = {isa = PBXBuildFile; fileRef = 629F1C8027905D26001BF441 /* SliderSwiftUIView.swift */; };
		62A0A54D27862B74002CEB18 /* DetailSwiftUIView.swift in Sources */ = {isa = PBXBuildFile; fileRef = 62A0A54C27862B74002CEB18 /* DetailSwiftUIView.swift */; };
		62A0A54F27863EA7002CEB18 /* FavoritesSwiftUIView.swift in Sources */ = {isa = PBXBuildFile; fileRef = 62A0A54E27863EA7002CEB18 /* FavoritesSwiftUIView.swift */; };
		62A0A55127864E4D002CEB18 /* InfoRadioSwiftUIView.swift in Sources */ = {isa = PBXBuildFile; fileRef = 62A0A55027864E4D002CEB18 /* InfoRadioSwiftUIView.swift */; };
		62A5540A27989DAA00FB5615 /* Request.swift in Sources */ = {isa = PBXBuildFile; fileRef = 62A5540927989DAA00FB5615 /* Request.swift */; };
		62A9F00D275F5B3500B345AE /* playerSwiftUIApp.swift in Sources */ = {isa = PBXBuildFile; fileRef = 62A9F00C275F5B3500B345AE /* playerSwiftUIApp.swift */; };
		62A9F011275F5B3800B345AE /* Assets.xcassets in Resources */ = {isa = PBXBuildFile; fileRef = 62A9F010275F5B3800B345AE /* Assets.xcassets */; };
		62A9F014275F5B3800B345AE /* Preview Assets.xcassets in Resources */ = {isa = PBXBuildFile; fileRef = 62A9F013275F5B3800B345AE /* Preview Assets.xcassets */; };
		62A9F01D275F689100B345AE /* ExampleSwiftUIView.swift in Sources */ = {isa = PBXBuildFile; fileRef = 62A9F01C275F689100B345AE /* ExampleSwiftUIView.swift */; };
		62A9F021275F8DE300B345AE /* RadioObj.swift in Sources */ = {isa = PBXBuildFile; fileRef = 62A9F020275F8DE300B345AE /* RadioObj.swift */; };
		62A9F023275FE7FB00B345AE /* PlayerConector.swift in Sources */ = {isa = PBXBuildFile; fileRef = 62A9F022275FE7FB00B345AE /* PlayerConector.swift */; };
		62C06B4027936A4000FE5E7C /* BarrPlaySwiftUIView.swift in Sources */ = {isa = PBXBuildFile; fileRef = 62C06B3F27936A3F00FE5E7C /* BarrPlaySwiftUIView.swift */; };
		62D824772795AD5700461EF9 /* SplashSwiftUIView.swift in Sources */ = {isa = PBXBuildFile; fileRef = 62D824762795AD5700461EF9 /* SplashSwiftUIView.swift */; };
		62DBB5B1278CE8FA003EEFE2 /* radios.json in Resources */ = {isa = PBXBuildFile; fileRef = 62DBB5B0278CE8FA003EEFE2 /* radios.json */; };
		62DBB5B7278E3015003EEFE2 /* DetalleUIView.swift in Sources */ = {isa = PBXBuildFile; fileRef = 62DBB5B6278E3015003EEFE2 /* DetalleUIView.swift */; };
		62ED857F2790CBC3009A7C1C /* SliderItem.swift in Sources */ = {isa = PBXBuildFile; fileRef = 62ED857E2790CBC2009A7C1C /* SliderItem.swift */; };
/* End PBXBuildFile section */

/* Begin PBXCopyFilesBuildPhase section */
		62A4D29A2760AE2B00D29403 /* Embed Watch Content */ = {
			isa = PBXCopyFilesBuildPhase;
			buildActionMask = 2147483647;
			dstPath = "$(CONTENTS_FOLDER_PATH)/Watch";
			dstSubfolderSpec = 16;
			files = (
			);
			name = "Embed Watch Content";
			runOnlyForDeploymentPostprocessing = 0;
		};
/* End PBXCopyFilesBuildPhase section */

/* Begin PBXFileReference section */
		62192A802796040C0090579A /* XMLSwiftUIView.swift */ = {isa = PBXFileReference; lastKnownFileType = sourcecode.swift; path = XMLSwiftUIView.swift; sourceTree = "<group>"; };
		624E945E2799C7B600803A83 /* newXMLSwiftUIView.swift */ = {isa = PBXFileReference; lastKnownFileType = sourcecode.swift; path = newXMLSwiftUIView.swift; sourceTree = "<group>"; };
		629AC834279D998600AA2BD9 /* Data_formater.swift */ = {isa = PBXFileReference; lastKnownFileType = sourcecode.swift; path = Data_formater.swift; sourceTree = "<group>"; };
		629AC836279DF34300AA2BD9 /* network_checker.swift */ = {isa = PBXFileReference; lastKnownFileType = sourcecode.swift; path = network_checker.swift; sourceTree = "<group>"; };
		629AC838279DF4C500AA2BD9 /* CheckNetworkView.swift */ = {isa = PBXFileReference; lastKnownFileType = sourcecode.swift; path = CheckNetworkView.swift; sourceTree = "<group>"; };
		629D68BA278EC409005E0214 /* Helper.swift */ = {isa = PBXFileReference; lastKnownFileType = sourcecode.swift; path = Helper.swift; sourceTree = "<group>"; };
		629D68BC278ECAAC005E0214 /* RadiosSwiftUIView.swift */ = {isa = PBXFileReference; lastKnownFileType = sourcecode.swift; path = RadiosSwiftUIView.swift; sourceTree = "<group>"; };
		629F1C8027905D26001BF441 /* SliderSwiftUIView.swift */ = {isa = PBXFileReference; lastKnownFileType = sourcecode.swift; path = SliderSwiftUIView.swift; sourceTree = "<group>"; };
		62A0A54C27862B74002CEB18 /* DetailSwiftUIView.swift */ = {isa = PBXFileReference; lastKnownFileType = sourcecode.swift; path = DetailSwiftUIView.swift; sourceTree = "<group>"; };
		62A0A54E27863EA7002CEB18 /* FavoritesSwiftUIView.swift */ = {isa = PBXFileReference; lastKnownFileType = sourcecode.swift; path = FavoritesSwiftUIView.swift; sourceTree = "<group>"; };
		62A0A55027864E4D002CEB18 /* InfoRadioSwiftUIView.swift */ = {isa = PBXFileReference; lastKnownFileType = sourcecode.swift; path = InfoRadioSwiftUIView.swift; sourceTree = "<group>"; };
		62A5540927989DAA00FB5615 /* Request.swift */ = {isa = PBXFileReference; lastKnownFileType = sourcecode.swift; path = Request.swift; sourceTree = "<group>"; };
		62A9F009275F5B3500B345AE /* playerSwiftUI.app */ = {isa = PBXFileReference; explicitFileType = wrapper.application; includeInIndex = 0; path = playerSwiftUI.app; sourceTree = BUILT_PRODUCTS_DIR; };
		62A9F00C275F5B3500B345AE /* playerSwiftUIApp.swift */ = {isa = PBXFileReference; lastKnownFileType = sourcecode.swift; path = playerSwiftUIApp.swift; sourceTree = "<group>"; };
		62A9F010275F5B3800B345AE /* Assets.xcassets */ = {isa = PBXFileReference; lastKnownFileType = folder.assetcatalog; path = Assets.xcassets; sourceTree = "<group>"; };
		62A9F013275F5B3800B345AE /* Preview Assets.xcassets */ = {isa = PBXFileReference; lastKnownFileType = folder.assetcatalog; path = "Preview Assets.xcassets"; sourceTree = "<group>"; };
		62A9F01C275F689100B345AE /* ExampleSwiftUIView.swift */ = {isa = PBXFileReference; lastKnownFileType = sourcecode.swift; path = ExampleSwiftUIView.swift; sourceTree = "<group>"; };
		62A9F020275F8DE300B345AE /* RadioObj.swift */ = {isa = PBXFileReference; lastKnownFileType = sourcecode.swift; path = RadioObj.swift; sourceTree = "<group>"; };
		62A9F022275FE7FB00B345AE /* PlayerConector.swift */ = {isa = PBXFileReference; lastKnownFileType = sourcecode.swift; path = PlayerConector.swift; sourceTree = "<group>"; };
		62A9F024275FEE5700B345AE /* Info.plist */ = {isa = PBXFileReference; lastKnownFileType = text.plist; path = Info.plist; sourceTree = "<group>"; };
		62C06B3F27936A3F00FE5E7C /* BarrPlaySwiftUIView.swift */ = {isa = PBXFileReference; lastKnownFileType = sourcecode.swift; path = BarrPlaySwiftUIView.swift; sourceTree = "<group>"; };
		62D824762795AD5700461EF9 /* SplashSwiftUIView.swift */ = {isa = PBXFileReference; lastKnownFileType = sourcecode.swift; path = SplashSwiftUIView.swift; sourceTree = "<group>"; };
		62DBB5B0278CE8FA003EEFE2 /* radios.json */ = {isa = PBXFileReference; fileEncoding = 4; lastKnownFileType = text.json; path = radios.json; sourceTree = "<group>"; };
		62DBB5B6278E3015003EEFE2 /* DetalleUIView.swift */ = {isa = PBXFileReference; fileEncoding = 4; lastKnownFileType = sourcecode.swift; path = DetalleUIView.swift; sourceTree = "<group>"; };
		62ED857E2790CBC2009A7C1C /* SliderItem.swift */ = {isa = PBXFileReference; lastKnownFileType = sourcecode.swift; path = SliderItem.swift; sourceTree = "<group>"; };
/* End PBXFileReference section */

/* Begin PBXFrameworksBuildPhase section */
		62A9F006275F5B3500B345AE /* Frameworks */ = {
			isa = PBXFrameworksBuildPhase;
			buildActionMask = 2147483647;
			files = (
				62192A84279608CE0090579A /* XMLCoder in Frameworks */,
			);
			runOnlyForDeploymentPostprocessing = 0;
		};
/* End PBXFrameworksBuildPhase section */

/* Begin PBXGroup section */
		624E945D2799A64B00803A83 /* unused */ = {
			isa = PBXGroup;
			children = (
				62ED857E2790CBC2009A7C1C /* SliderItem.swift */,
				629D68BC278ECAAC005E0214 /* RadiosSwiftUIView.swift */,
				62A0A54E27863EA7002CEB18 /* FavoritesSwiftUIView.swift */,
				62A0A54C27862B74002CEB18 /* DetailSwiftUIView.swift */,
				62A0A55027864E4D002CEB18 /* InfoRadioSwiftUIView.swift */,
			);
			path = unused;
			sourceTree = "<group>";
		};
		62A0A54B27862AEC002CEB18 /* Data model */ = {
			isa = PBXGroup;
			children = (
				62DBB5B0278CE8FA003EEFE2 /* radios.json */,
				62A9F020275F8DE300B345AE /* RadioObj.swift */,
				62A9F022275FE7FB00B345AE /* PlayerConector.swift */,
				629D68BA278EC409005E0214 /* Helper.swift */,
				62192A802796040C0090579A /* XMLSwiftUIView.swift */,
				62A5540927989DAA00FB5615 /* Request.swift */,
				624E945E2799C7B600803A83 /* newXMLSwiftUIView.swift */,
				629AC834279D998600AA2BD9 /* Data_formater.swift */,
				629AC836279DF34300AA2BD9 /* network_checker.swift */,
			);
			path = "Data model";
			sourceTree = "<group>";
		};
		62A9F000275F5B3500B345AE = {
			isa = PBXGroup;
			children = (
				62A9F00B275F5B3500B345AE /* playerSwiftUI */,
				62A9F00A275F5B3500B345AE /* Products */,
			);
			sourceTree = "<group>";
		};
		62A9F00A275F5B3500B345AE /* Products */ = {
			isa = PBXGroup;
			children = (
				62A9F009275F5B3500B345AE /* playerSwiftUI.app */,
			);
			name = Products;
			sourceTree = "<group>";
		};
		62A9F00B275F5B3500B345AE /* playerSwiftUI */ = {
			isa = PBXGroup;
			children = (
				624E945D2799A64B00803A83 /* unused */,
				62A9F024275FEE5700B345AE /* Info.plist */,
				62A9F00C275F5B3500B345AE /* playerSwiftUIApp.swift */,
				62DBB5B5278E2F33003EEFE2 /* Home Radio View */,
				62DBB5B4278E2F19003EEFE2 /* Detail View */,
				62A0A54B27862AEC002CEB18 /* Data model */,
				62A9F010275F5B3800B345AE /* Assets.xcassets */,
				62A9F012275F5B3800B345AE /* Preview Content */,
			);
			path = playerSwiftUI;
			sourceTree = "<group>";
		};
		62A9F012275F5B3800B345AE /* Preview Content */ = {
			isa = PBXGroup;
			children = (
				62A9F013275F5B3800B345AE /* Preview Assets.xcassets */,
			);
			path = "Preview Content";
			sourceTree = "<group>";
		};
		62DBB5B4278E2F19003EEFE2 /* Detail View */ = {
			isa = PBXGroup;
			children = (
				62C06B3F27936A3F00FE5E7C /* BarrPlaySwiftUIView.swift */,
				62DBB5B6278E3015003EEFE2 /* DetalleUIView.swift */,
			);
			path = "Detail View";
			sourceTree = "<group>";
		};
		62DBB5B5278E2F33003EEFE2 /* Home Radio View */ = {
			isa = PBXGroup;
			children = (
				62A9F01C275F689100B345AE /* ExampleSwiftUIView.swift */,
				62D824762795AD5700461EF9 /* SplashSwiftUIView.swift */,
				629F1C8027905D26001BF441 /* SliderSwiftUIView.swift */,
				629AC838279DF4C500AA2BD9 /* CheckNetworkView.swift */,
			);
			path = "Home Radio View";
			sourceTree = "<group>";
		};
/* End PBXGroup section */

/* Begin PBXNativeTarget section */
		62A9F008275F5B3500B345AE /* playerSwiftUI */ = {
			isa = PBXNativeTarget;
			buildConfigurationList = 62A9F017275F5B3800B345AE /* Build configuration list for PBXNativeTarget "playerSwiftUI" */;
			buildPhases = (
				62A9F005275F5B3500B345AE /* Sources */,
				62A9F006275F5B3500B345AE /* Frameworks */,
				62A9F007275F5B3500B345AE /* Resources */,
				62A4D29A2760AE2B00D29403 /* Embed Watch Content */,
			);
			buildRules = (
			);
			dependencies = (
			);
			name = playerSwiftUI;
			packageProductDependencies = (
				62192A83279608CE0090579A /* XMLCoder */,
			);
			productName = playerSwiftUI;
			productReference = 62A9F009275F5B3500B345AE /* playerSwiftUI.app */;
			productType = "com.apple.product-type.application";
		};
/* End PBXNativeTarget section */

/* Begin PBXProject section */
		62A9F001275F5B3500B345AE /* Project object */ = {
			isa = PBXProject;
			attributes = {
				BuildIndependentTargetsInParallel = 1;
				LastSwiftUpdateCheck = 1310;
				LastUpgradeCheck = 1310;
				TargetAttributes = {
					62A9F008275F5B3500B345AE = {
						CreatedOnToolsVersion = 13.1;
					};
				};
			};
			buildConfigurationList = 62A9F004275F5B3500B345AE /* Build configuration list for PBXProject "playerSwiftUI" */;
			compatibilityVersion = "Xcode 13.0";
			developmentRegion = en;
			hasScannedForEncodings = 0;
			knownRegions = (
				en,
				Base,
			);
			mainGroup = 62A9F000275F5B3500B345AE;
			packageReferences = (
				62192A82279608CE0090579A /* XCRemoteSwiftPackageReference "XMLCoder" */,
			);
			productRefGroup = 62A9F00A275F5B3500B345AE /* Products */;
			projectDirPath = "";
			projectRoot = "";
			targets = (
				62A9F008275F5B3500B345AE /* playerSwiftUI */,
			);
		};
/* End PBXProject section */

/* Begin PBXResourcesBuildPhase section */
		62A9F007275F5B3500B345AE /* Resources */ = {
			isa = PBXResourcesBuildPhase;
			buildActionMask = 2147483647;
			files = (
				62DBB5B1278CE8FA003EEFE2 /* radios.json in Resources */,
				62A9F014275F5B3800B345AE /* Preview Assets.xcassets in Resources */,
				62A9F011275F5B3800B345AE /* Assets.xcassets in Resources */,
			);
			runOnlyForDeploymentPostprocessing = 0;
		};
/* End PBXResourcesBuildPhase section */

/* Begin PBXSourcesBuildPhase section */
		62A9F005275F5B3500B345AE /* Sources */ = {
			isa = PBXSourcesBuildPhase;
			buildActionMask = 2147483647;
			files = (
				62A9F01D275F689100B345AE /* ExampleSwiftUIView.swift in Sources */,
				62A5540A27989DAA00FB5615 /* Request.swift in Sources */,
				62A0A54D27862B74002CEB18 /* DetailSwiftUIView.swift in Sources */,
				62DBB5B7278E3015003EEFE2 /* DetalleUIView.swift in Sources */,
				629AC839279DF4C500AA2BD9 /* CheckNetworkView.swift in Sources */,
				62A0A54F27863EA7002CEB18 /* FavoritesSwiftUIView.swift in Sources */,
				62C06B4027936A4000FE5E7C /* BarrPlaySwiftUIView.swift in Sources */,
				62A9F023275FE7FB00B345AE /* PlayerConector.swift in Sources */,
				62ED857F2790CBC3009A7C1C /* SliderItem.swift in Sources */,
				62D824772795AD5700461EF9 /* SplashSwiftUIView.swift in Sources */,
				629D68BB278EC409005E0214 /* Helper.swift in Sources */,
				62A9F021275F8DE300B345AE /* RadioObj.swift in Sources */,
				629AC835279D998600AA2BD9 /* Data_formater.swift in Sources */,
				629F1C8127905D27001BF441 /* SliderSwiftUIView.swift in Sources */,
				62192A812796040D0090579A /* XMLSwiftUIView.swift in Sources */,
				62A9F00D275F5B3500B345AE /* playerSwiftUIApp.swift in Sources */,
				629AC837279DF34300AA2BD9 /* network_checker.swift in Sources */,
				629D68BD278ECAAC005E0214 /* RadiosSwiftUIView.swift in Sources */,
				62A0A55127864E4D002CEB18 /* InfoRadioSwiftUIView.swift in Sources */,
				624E945F2799C7B700803A83 /* newXMLSwiftUIView.swift in Sources */,
			);
			runOnlyForDeploymentPostprocessing = 0;
		};
/* End PBXSourcesBuildPhase section */

/* Begin XCBuildConfiguration section */
		62A9F015275F5B3800B345AE /* Debug */ = {
			isa = XCBuildConfiguration;
			buildSettings = {
				ALWAYS_SEARCH_USER_PATHS = NO;
				CLANG_ANALYZER_NONNULL = YES;
				CLANG_ANALYZER_NUMBER_OBJECT_CONVERSION = YES_AGGRESSIVE;
				CLANG_CXX_LANGUAGE_STANDARD = "gnu++17";
				CLANG_CXX_LIBRARY = "libc++";
				CLANG_ENABLE_MODULES = YES;
				CLANG_ENABLE_OBJC_ARC = YES;
				CLANG_ENABLE_OBJC_WEAK = YES;
				CLANG_WARN_BLOCK_CAPTURE_AUTORELEASING = YES;
				CLANG_WARN_BOOL_CONVERSION = YES;
				CLANG_WARN_COMMA = YES;
				CLANG_WARN_CONSTANT_CONVERSION = YES;
				CLANG_WARN_DEPRECATED_OBJC_IMPLEMENTATIONS = YES;
				CLANG_WARN_DIRECT_OBJC_ISA_USAGE = YES_ERROR;
				CLANG_WARN_DOCUMENTATION_COMMENTS = YES;
				CLANG_WARN_EMPTY_BODY = YES;
				CLANG_WARN_ENUM_CONVERSION = YES;
				CLANG_WARN_INFINITE_RECURSION = YES;
				CLANG_WARN_INT_CONVERSION = YES;
				CLANG_WARN_NON_LITERAL_NULL_CONVERSION = YES;
				CLANG_WARN_OBJC_IMPLICIT_RETAIN_SELF = YES;
				CLANG_WARN_OBJC_LITERAL_CONVERSION = YES;
				CLANG_WARN_OBJC_ROOT_CLASS = YES_ERROR;
				CLANG_WARN_QUOTED_INCLUDE_IN_FRAMEWORK_HEADER = YES;
				CLANG_WARN_RANGE_LOOP_ANALYSIS = YES;
				CLANG_WARN_STRICT_PROTOTYPES = YES;
				CLANG_WARN_SUSPICIOUS_MOVE = YES;
				CLANG_WARN_UNGUARDED_AVAILABILITY = YES_AGGRESSIVE;
				CLANG_WARN_UNREACHABLE_CODE = YES;
				CLANG_WARN__DUPLICATE_METHOD_MATCH = YES;
				COPY_PHASE_STRIP = NO;
				DEBUG_INFORMATION_FORMAT = dwarf;
				ENABLE_STRICT_OBJC_MSGSEND = YES;
				ENABLE_TESTABILITY = YES;
				GCC_C_LANGUAGE_STANDARD = gnu11;
				GCC_DYNAMIC_NO_PIC = NO;
				GCC_NO_COMMON_BLOCKS = YES;
				GCC_OPTIMIZATION_LEVEL = 0;
				GCC_PREPROCESSOR_DEFINITIONS = (
					"DEBUG=1",
					"$(inherited)",
				);
				GCC_WARN_64_TO_32_BIT_CONVERSION = YES;
				GCC_WARN_ABOUT_RETURN_TYPE = YES_ERROR;
				GCC_WARN_UNDECLARED_SELECTOR = YES;
				GCC_WARN_UNINITIALIZED_AUTOS = YES_AGGRESSIVE;
				GCC_WARN_UNUSED_FUNCTION = YES;
				GCC_WARN_UNUSED_VARIABLE = YES;
				IPHONEOS_DEPLOYMENT_TARGET = 15.0;
				MTL_ENABLE_DEBUG_INFO = INCLUDE_SOURCE;
				MTL_FAST_MATH = YES;
				ONLY_ACTIVE_ARCH = YES;
				SDKROOT = iphoneos;
				SWIFT_ACTIVE_COMPILATION_CONDITIONS = DEBUG;
				SWIFT_OPTIMIZATION_LEVEL = "-Onone";
			};
			name = Debug;
		};
		62A9F016275F5B3800B345AE /* Release */ = {
			isa = XCBuildConfiguration;
			buildSettings = {
				ALWAYS_SEARCH_USER_PATHS = NO;
				CLANG_ANALYZER_NONNULL = YES;
				CLANG_ANALYZER_NUMBER_OBJECT_CONVERSION = YES_AGGRESSIVE;
				CLANG_CXX_LANGUAGE_STANDARD = "gnu++17";
				CLANG_CXX_LIBRARY = "libc++";
				CLANG_ENABLE_MODULES = YES;
				CLANG_ENABLE_OBJC_ARC = YES;
				CLANG_ENABLE_OBJC_WEAK = YES;
				CLANG_WARN_BLOCK_CAPTURE_AUTORELEASING = YES;
				CLANG_WARN_BOOL_CONVERSION = YES;
				CLANG_WARN_COMMA = YES;
				CLANG_WARN_CONSTANT_CONVERSION = YES;
				CLANG_WARN_DEPRECATED_OBJC_IMPLEMENTATIONS = YES;
				CLANG_WARN_DIRECT_OBJC_ISA_USAGE = YES_ERROR;
				CLANG_WARN_DOCUMENTATION_COMMENTS = YES;
				CLANG_WARN_EMPTY_BODY = YES;
				CLANG_WARN_ENUM_CONVERSION = YES;
				CLANG_WARN_INFINITE_RECURSION = YES;
				CLANG_WARN_INT_CONVERSION = YES;
				CLANG_WARN_NON_LITERAL_NULL_CONVERSION = YES;
				CLANG_WARN_OBJC_IMPLICIT_RETAIN_SELF = YES;
				CLANG_WARN_OBJC_LITERAL_CONVERSION = YES;
				CLANG_WARN_OBJC_ROOT_CLASS = YES_ERROR;
				CLANG_WARN_QUOTED_INCLUDE_IN_FRAMEWORK_HEADER = YES;
				CLANG_WARN_RANGE_LOOP_ANALYSIS = YES;
				CLANG_WARN_STRICT_PROTOTYPES = YES;
				CLANG_WARN_SUSPICIOUS_MOVE = YES;
				CLANG_WARN_UNGUARDED_AVAILABILITY = YES_AGGRESSIVE;
				CLANG_WARN_UNREACHABLE_CODE = YES;
				CLANG_WARN__DUPLICATE_METHOD_MATCH = YES;
				COPY_PHASE_STRIP = NO;
				DEBUG_INFORMATION_FORMAT = "dwarf-with-dsym";
				ENABLE_NS_ASSERTIONS = NO;
				ENABLE_STRICT_OBJC_MSGSEND = YES;
				GCC_C_LANGUAGE_STANDARD = gnu11;
				GCC_NO_COMMON_BLOCKS = YES;
				GCC_WARN_64_TO_32_BIT_CONVERSION = YES;
				GCC_WARN_ABOUT_RETURN_TYPE = YES_ERROR;
				GCC_WARN_UNDECLARED_SELECTOR = YES;
				GCC_WARN_UNINITIALIZED_AUTOS = YES_AGGRESSIVE;
				GCC_WARN_UNUSED_FUNCTION = YES;
				GCC_WARN_UNUSED_VARIABLE = YES;
				IPHONEOS_DEPLOYMENT_TARGET = 15.0;
				MTL_ENABLE_DEBUG_INFO = NO;
				MTL_FAST_MATH = YES;
				SDKROOT = iphoneos;
				SWIFT_COMPILATION_MODE = wholemodule;
				SWIFT_OPTIMIZATION_LEVEL = "-O";
				VALIDATE_PRODUCT = YES;
			};
			name = Release;
		};
		62A9F018275F5B3800B345AE /* Debug */ = {
			isa = XCBuildConfiguration;
			buildSettings = {
				ASSETCATALOG_COMPILER_APPICON_NAME = AppIcon;
				ASSETCATALOG_COMPILER_GLOBAL_ACCENT_COLOR_NAME = AccentColor;
				CODE_SIGN_STYLE = Automatic;
				CURRENT_PROJECT_VERSION = 1;
				DEVELOPMENT_ASSET_PATHS = "\"playerSwiftUI/Preview Content\"";
				DEVELOPMENT_TEAM = DDWAVNG7Q4;
				ENABLE_PREVIEWS = YES;
				GENERATE_INFOPLIST_FILE = YES;
				INFOPLIST_FILE = playerSwiftUI/Info.plist;
				INFOPLIST_KEY_UIApplicationSceneManifest_Generation = YES;
				INFOPLIST_KEY_UIApplicationSupportsIndirectInputEvents = YES;
				INFOPLIST_KEY_UILaunchScreen_Generation = YES;
				INFOPLIST_KEY_UISupportedInterfaceOrientations_iPad = "UIInterfaceOrientationPortrait UIInterfaceOrientationPortraitUpsideDown UIInterfaceOrientationLandscapeLeft UIInterfaceOrientationLandscapeRight";
				INFOPLIST_KEY_UISupportedInterfaceOrientations_iPhone = "UIInterfaceOrientationPortrait UIInterfaceOrientationLandscapeLeft UIInterfaceOrientationLandscapeRight";
				LD_RUNPATH_SEARCH_PATHS = (
					"$(inherited)",
					"@executable_path/Frameworks",
				);
				MARKETING_VERSION = 1.0;
				PRODUCT_BUNDLE_IDENTIFIER = se.alvararias.playerSwiftUIfinal;
				PRODUCT_NAME = "$(TARGET_NAME)";
				SWIFT_EMIT_LOC_STRINGS = YES;
				SWIFT_VERSION = 5.0;
				TARGETED_DEVICE_FAMILY = "1,2";
			};
			name = Debug;
		};
		62A9F019275F5B3800B345AE /* Release */ = {
			isa = XCBuildConfiguration;
			buildSettings = {
				ASSETCATALOG_COMPILER_APPICON_NAME = AppIcon;
				ASSETCATALOG_COMPILER_GLOBAL_ACCENT_COLOR_NAME = AccentColor;
				CODE_SIGN_STYLE = Automatic;
				CURRENT_PROJECT_VERSION = 1;
				DEVELOPMENT_ASSET_PATHS = "\"playerSwiftUI/Preview Content\"";
				DEVELOPMENT_TEAM = DDWAVNG7Q4;
				ENABLE_PREVIEWS = YES;
				GENERATE_INFOPLIST_FILE = YES;
				INFOPLIST_FILE = playerSwiftUI/Info.plist;
				INFOPLIST_KEY_UIApplicationSceneManifest_Generation = YES;
				INFOPLIST_KEY_UIApplicationSupportsIndirectInputEvents = YES;
				INFOPLIST_KEY_UILaunchScreen_Generation = YES;
				INFOPLIST_KEY_UISupportedInterfaceOrientations_iPad = "UIInterfaceOrientationPortrait UIInterfaceOrientationPortraitUpsideDown UIInterfaceOrientationLandscapeLeft UIInterfaceOrientationLandscapeRight";
				INFOPLIST_KEY_UISupportedInterfaceOrientations_iPhone = "UIInterfaceOrientationPortrait UIInterfaceOrientationLandscapeLeft UIInterfaceOrientationLandscapeRight";
				LD_RUNPATH_SEARCH_PATHS = (
					"$(inherited)",
					"@executable_path/Frameworks",
				);
				MARKETING_VERSION = 1.0;
				PRODUCT_BUNDLE_IDENTIFIER = se.alvararias.playerSwiftUIfinal;
				PRODUCT_NAME = "$(TARGET_NAME)";
				SWIFT_EMIT_LOC_STRINGS = YES;
				SWIFT_VERSION = 5.0;
				TARGETED_DEVICE_FAMILY = "1,2";
			};
			name = Release;
		};
/* End XCBuildConfiguration section */

/* Begin XCConfigurationList section */
		62A9F004275F5B3500B345AE /* Build configuration list for PBXProject "playerSwiftUI" */ = {
			isa = XCConfigurationList;
			buildConfigurations = (
				62A9F015275F5B3800B345AE /* Debug */,
				62A9F016275F5B3800B345AE /* Release */,
			);
			defaultConfigurationIsVisible = 0;
			defaultConfigurationName = Release;
		};
		62A9F017275F5B3800B345AE /* Build configuration list for PBXNativeTarget "playerSwiftUI" */ = {
			isa = XCConfigurationList;
			buildConfigurations = (
				62A9F018275F5B3800B345AE /* Debug */,
				62A9F019275F5B3800B345AE /* Release */,
			);
			defaultConfigurationIsVisible = 0;
			defaultConfigurationName = Release;
		};
/* End XCConfigurationList section */

/* Begin XCRemoteSwiftPackageReference section */
		62192A82279608CE0090579A /* XCRemoteSwiftPackageReference "XMLCoder" */ = {
			isa = XCRemoteSwiftPackageReference;
			repositoryURL = "https://github.com/MaxDesiatov/XMLCoder.git";
			requirement = {
				kind = upToNextMajorVersion;
				minimumVersion = 0.9.0;
			};
		};
/* End XCRemoteSwiftPackageReference section */

/* Begin XCSwiftPackageProductDependency section */
		62192A83279608CE0090579A /* XMLCoder */ = {
			isa = XCSwiftPackageProductDependency;
			package = 62192A82279608CE0090579A /* XCRemoteSwiftPackageReference "XMLCoder" */;
			productName = XMLCoder;
		};
/* End XCSwiftPackageProductDependency section */
	};
	rootObject = 62A9F001275F5B3500B345AE /* Project object */;
}
